
Microsoft Visual Studio Solution File, Format Version 12.00
# Visual Studio Version 16
VisualStudioVersion = 16.0.31729.503
MinimumVisualStudioVersion = 10.0.40219.1
Project("{FAE04EC0-301F-11D3-BF4B-00C04F79EFBC}") = "Database_Singelton", "Database_Singelton\Database_Singelton.csproj", "{D21F901B-54F7-41E4-BA9E-D7E0E5FCD058}"
EndProject
Global
	GlobalSection(SolutionConfigurationPlatforms) = preSolution
		Debug|Any CPU = Debug|Any CPU
		Release|Any CPU = Release|Any CPU
	EndGlobalSection
	GlobalSection(ProjectConfigurationPlatforms) = postSolution
		{D21F901B-54F7-41E4-BA9E-D7E0E5FCD058}.Debug|Any CPU.ActiveCfg = Debug|Any CPU
		{D21F901B-54F7-41E4-BA9E-D7E0E5FCD058}.Debug|Any CPU.Build.0 = Debug|Any CPU
		{D21F901B-54F7-41E4-BA9E-D7E0E5FCD058}.Release|Any CPU.ActiveCfg = Release|Any CPU
		{D21F901B-54F7-41E4-BA9E-D7E0E5FCD058}.Release|Any CPU.Build.0 = Release|Any CPU
	EndGlobalSection
	GlobalSection(SolutionProperties) = preSolution
		HideSolutionNode = FALSE
	EndGlobalSection
	GlobalSection(ExtensibilityGlobals) = postSolution
		SolutionGuid = {B539895E-EE6F-42EE-A0A2-782025C978B1}
	EndGlobalSection
EndGlobal
