
Microsoft Visual Studio Solution File, Format Version 12.00
# Visual Studio Version 16
VisualStudioVersion = 16.0.31729.503
MinimumVisualStudioVersion = 10.0.40219.1
Project("{FAE04EC0-301F-11D3-BF4B-00C04F79EFBC}") = "Task 1", "Task 1\Task 1.csproj", "{5EFC17E5-43D8-4ACB-8B08-BD66EA9E5580}"
EndProject
Global
	GlobalSection(SolutionConfigurationPlatforms) = preSolution
		Debug|Any CPU = Debug|Any CPU
		Release|Any CPU = Release|Any CPU
	EndGlobalSection
	GlobalSection(ProjectConfigurationPlatforms) = postSolution
		{5EFC17E5-43D8-4ACB-8B08-BD66EA9E5580}.Debug|Any CPU.ActiveCfg = Debug|Any CPU
		{5EFC17E5-43D8-4ACB-8B08-BD66EA9E5580}.Debug|Any CPU.Build.0 = Debug|Any CPU
		{5EFC17E5-43D8-4ACB-8B08-BD66EA9E5580}.Release|Any CPU.ActiveCfg = Release|Any CPU
		{5EFC17E5-43D8-4ACB-8B08-BD66EA9E5580}.Release|Any CPU.Build.0 = Release|Any CPU
	EndGlobalSection
	GlobalSection(SolutionProperties) = preSolution
		HideSolutionNode = FALSE
	EndGlobalSection
	GlobalSection(ExtensibilityGlobals) = postSolution
		SolutionGuid = {DF5A51C9-6CCE-4E2B-AC2A-B61AE71D0A6D}
	EndGlobalSection
EndGlobal
