
Microsoft Visual Studio Solution File, Format Version 12.00
# Visual Studio Version 16
VisualStudioVersion = 16.0.31702.278
MinimumVisualStudioVersion = 10.0.40219.1
Project("{FAE04EC0-301F-11D3-BF4B-00C04F79EFBC}") = "Task1_TemplateMethod", "Task1_TemplateMethod\Task1_TemplateMethod.csproj", "{1B97B7C5-4F6A-44CE-A2A2-FEF6EA40EA04}"
EndProject
Project("{FAE04EC0-301F-11D3-BF4B-00C04F79EFBC}") = "Task2_Observer", "Task2_Observer\Task2_Observer.csproj", "{9ED77D45-54D7-4DD0-A4BF-BC1422A8D455}"
EndProject
Global
	GlobalSection(SolutionConfigurationPlatforms) = preSolution
		Debug|Any CPU = Debug|Any CPU
		Release|Any CPU = Release|Any CPU
	EndGlobalSection
	GlobalSection(ProjectConfigurationPlatforms) = postSolution
		{1B97B7C5-4F6A-44CE-A2A2-FEF6EA40EA04}.Debug|Any CPU.ActiveCfg = Debug|Any CPU
		{1B97B7C5-4F6A-44CE-A2A2-FEF6EA40EA04}.Debug|Any CPU.Build.0 = Debug|Any CPU
		{1B97B7C5-4F6A-44CE-A2A2-FEF6EA40EA04}.Release|Any CPU.ActiveCfg = Release|Any CPU
		{1B97B7C5-4F6A-44CE-A2A2-FEF6EA40EA04}.Release|Any CPU.Build.0 = Release|Any CPU
		{9ED77D45-54D7-4DD0-A4BF-BC1422A8D455}.Debug|Any CPU.ActiveCfg = Debug|Any CPU
		{9ED77D45-54D7-4DD0-A4BF-BC1422A8D455}.Debug|Any CPU.Build.0 = Debug|Any CPU
		{9ED77D45-54D7-4DD0-A4BF-BC1422A8D455}.Release|Any CPU.ActiveCfg = Release|Any CPU
		{9ED77D45-54D7-4DD0-A4BF-BC1422A8D455}.Release|Any CPU.Build.0 = Release|Any CPU
	EndGlobalSection
	GlobalSection(SolutionProperties) = preSolution
		HideSolutionNode = FALSE
	EndGlobalSection
	GlobalSection(ExtensibilityGlobals) = postSolution
		SolutionGuid = {C5F3C49B-D8E9-41AA-B7E0-D26911E8505F}
	EndGlobalSection
EndGlobal
