
Microsoft Visual Studio Solution File, Format Version 12.00
# Visual Studio Version 16
VisualStudioVersion = 16.0.31702.278
MinimumVisualStudioVersion = 10.0.40219.1
Project("{FAE04EC0-301F-11D3-BF4B-00C04F79EFBC}") = "TemplateMethod", "TemplateMethod\TemplateMethod.csproj", "{AC2DDDA6-FFCB-4ADE-9EED-22888533FB4D}"
EndProject
Global
	GlobalSection(SolutionConfigurationPlatforms) = preSolution
		Debug|Any CPU = Debug|Any CPU
		Release|Any CPU = Release|Any CPU
	EndGlobalSection
	GlobalSection(ProjectConfigurationPlatforms) = postSolution
		{AC2DDDA6-FFCB-4ADE-9EED-22888533FB4D}.Debug|Any CPU.ActiveCfg = Debug|Any CPU
		{AC2DDDA6-FFCB-4ADE-9EED-22888533FB4D}.Debug|Any CPU.Build.0 = Debug|Any CPU
		{AC2DDDA6-FFCB-4ADE-9EED-22888533FB4D}.Release|Any CPU.ActiveCfg = Release|Any CPU
		{AC2DDDA6-FFCB-4ADE-9EED-22888533FB4D}.Release|Any CPU.Build.0 = Release|Any CPU
	EndGlobalSection
	GlobalSection(SolutionProperties) = preSolution
		HideSolutionNode = FALSE
	EndGlobalSection
	GlobalSection(ExtensibilityGlobals) = postSolution
		SolutionGuid = {1BBB0A39-60A8-4E81-9BE3-8578392A8DA2}
	EndGlobalSection
EndGlobal
