
Microsoft Visual Studio Solution File, Format Version 12.00
# Visual Studio Version 16
VisualStudioVersion = 16.0.29215.179
MinimumVisualStudioVersion = 10.0.40219.1
Project("{FAE04EC0-301F-11D3-BF4B-00C04F79EFBC}") = "Task4", "Task4\Task4.csproj", "{ED652A57-5118-46ED-A365-E3DBE65EDE6D}"
EndProject
Global
	GlobalSection(SolutionConfigurationPlatforms) = preSolution
		Debug|Any CPU = Debug|Any CPU
		Release|Any CPU = Release|Any CPU
	EndGlobalSection
	GlobalSection(ProjectConfigurationPlatforms) = postSolution
		{ED652A57-5118-46ED-A365-E3DBE65EDE6D}.Debug|Any CPU.ActiveCfg = Debug|Any CPU
		{ED652A57-5118-46ED-A365-E3DBE65EDE6D}.Debug|Any CPU.Build.0 = Debug|Any CPU
		{ED652A57-5118-46ED-A365-E3DBE65EDE6D}.Release|Any CPU.ActiveCfg = Release|Any CPU
		{ED652A57-5118-46ED-A365-E3DBE65EDE6D}.Release|Any CPU.Build.0 = Release|Any CPU
	EndGlobalSection
	GlobalSection(SolutionProperties) = preSolution
		HideSolutionNode = FALSE
	EndGlobalSection
	GlobalSection(ExtensibilityGlobals) = postSolution
		SolutionGuid = {92E30870-B167-4DFC-84B8-CF73C4342BCB}
	EndGlobalSection
EndGlobal
