
Microsoft Visual Studio Solution File, Format Version 12.00
# Visual Studio Version 16
VisualStudioVersion = 16.0.31702.278
MinimumVisualStudioVersion = 10.0.40219.1
Project("{FAE04EC0-301F-11D3-BF4B-00C04F79EFBC}") = "AbstractFactory v2", "AbstractFactory v2\AbstractFactory v2.csproj", "{0CE30729-5488-4A58-92FD-317400561ECA}"
EndProject
Global
	GlobalSection(SolutionConfigurationPlatforms) = preSolution
		Debug|Any CPU = Debug|Any CPU
		Release|Any CPU = Release|Any CPU
	EndGlobalSection
	GlobalSection(ProjectConfigurationPlatforms) = postSolution
		{0CE30729-5488-4A58-92FD-317400561ECA}.Debug|Any CPU.ActiveCfg = Debug|Any CPU
		{0CE30729-5488-4A58-92FD-317400561ECA}.Debug|Any CPU.Build.0 = Debug|Any CPU
		{0CE30729-5488-4A58-92FD-317400561ECA}.Release|Any CPU.ActiveCfg = Release|Any CPU
		{0CE30729-5488-4A58-92FD-317400561ECA}.Release|Any CPU.Build.0 = Release|Any CPU
	EndGlobalSection
	GlobalSection(SolutionProperties) = preSolution
		HideSolutionNode = FALSE
	EndGlobalSection
	GlobalSection(ExtensibilityGlobals) = postSolution
		SolutionGuid = {370F6C09-518E-4465-803E-EED5DE83E113}
	EndGlobalSection
EndGlobal
