
Microsoft Visual Studio Solution File, Format Version 12.00
# Visual Studio Version 16
VisualStudioVersion = 16.0.31729.503
MinimumVisualStudioVersion = 10.0.40219.1
Project("{FAE04EC0-301F-11D3-BF4B-00C04F79EFBC}") = "Task2 Observed", "Task2 Observed\Task2 Observed.csproj", "{ABC4829D-B07D-4E13-AAB9-CAAB19867A75}"
EndProject
Global
	GlobalSection(SolutionConfigurationPlatforms) = preSolution
		Debug|Any CPU = Debug|Any CPU
		Release|Any CPU = Release|Any CPU
	EndGlobalSection
	GlobalSection(ProjectConfigurationPlatforms) = postSolution
		{ABC4829D-B07D-4E13-AAB9-CAAB19867A75}.Debug|Any CPU.ActiveCfg = Debug|Any CPU
		{ABC4829D-B07D-4E13-AAB9-CAAB19867A75}.Debug|Any CPU.Build.0 = Debug|Any CPU
		{ABC4829D-B07D-4E13-AAB9-CAAB19867A75}.Release|Any CPU.ActiveCfg = Release|Any CPU
		{ABC4829D-B07D-4E13-AAB9-CAAB19867A75}.Release|Any CPU.Build.0 = Release|Any CPU
	EndGlobalSection
	GlobalSection(SolutionProperties) = preSolution
		HideSolutionNode = FALSE
	EndGlobalSection
	GlobalSection(ExtensibilityGlobals) = postSolution
		SolutionGuid = {7C21175D-8CB4-4835-B6A8-A6ABC4CAD6C8}
	EndGlobalSection
EndGlobal
