
Microsoft Visual Studio Solution File, Format Version 12.00
# Visual Studio Version 16
VisualStudioVersion = 16.0.31702.278
MinimumVisualStudioVersion = 10.0.40219.1
Project("{FAE04EC0-301F-11D3-BF4B-00C04F79EFBC}") = "FullName", "FullName\FullName.csproj", "{946684AB-26FF-485F-81A5-EFF718FD8FF9}"
EndProject
Global
	GlobalSection(SolutionConfigurationPlatforms) = preSolution
		Debug|Any CPU = Debug|Any CPU
		Release|Any CPU = Release|Any CPU
	EndGlobalSection
	GlobalSection(ProjectConfigurationPlatforms) = postSolution
		{946684AB-26FF-485F-81A5-EFF718FD8FF9}.Debug|Any CPU.ActiveCfg = Debug|Any CPU
		{946684AB-26FF-485F-81A5-EFF718FD8FF9}.Debug|Any CPU.Build.0 = Debug|Any CPU
		{946684AB-26FF-485F-81A5-EFF718FD8FF9}.Release|Any CPU.ActiveCfg = Release|Any CPU
		{946684AB-26FF-485F-81A5-EFF718FD8FF9}.Release|Any CPU.Build.0 = Release|Any CPU
	EndGlobalSection
	GlobalSection(SolutionProperties) = preSolution
		HideSolutionNode = FALSE
	EndGlobalSection
	GlobalSection(ExtensibilityGlobals) = postSolution
		SolutionGuid = {08BD3BA0-BE15-41D5-9DAE-D1AE714798FF}
	EndGlobalSection
EndGlobal
