
Microsoft Visual Studio Solution File, Format Version 12.00
# Visual Studio Version 16
VisualStudioVersion = 16.0.31702.278
MinimumVisualStudioVersion = 10.0.40219.1
Project("{9A19103F-16F7-4668-BE54-9A1E7A4F7556}") = "Editor.dll", "Editor.dll.csproj", "{153AD223-CF8F-4232-B147-EF72A1A75684}"
EndProject
Project("{9A19103F-16F7-4668-BE54-9A1E7A4F7556}") = "Editor.dll.UnitTest", "..\UnitTestEditor.dll\Editor.dll.UnitTest.csproj", "{CDBBE5C7-20D2-4C8F-B97F-2784F91A64F4}"
EndProject
Project("{9A19103F-16F7-4668-BE54-9A1E7A4F7556}") = "Editor.dll.IntegrationTests", "..\Editor.dll.IntegrationTests\Editor.dll.IntegrationTests.csproj", "{CEBB481D-3452-484E-ABAE-F7AD996DD8A8}"
EndProject
Project("{FAE04EC0-301F-11D3-BF4B-00C04F79EFBC}") = "UnitTests.Moq", "..\UnitTests.Moq\UnitTests.Moq.csproj", "{500CF3F3-0979-4354-B5E8-F70D2286E041}"
EndProject
Global
	GlobalSection(SolutionConfigurationPlatforms) = preSolution
		Debug|Any CPU = Debug|Any CPU
		Release|Any CPU = Release|Any CPU
	EndGlobalSection
	GlobalSection(ProjectConfigurationPlatforms) = postSolution
		{153AD223-CF8F-4232-B147-EF72A1A75684}.Debug|Any CPU.ActiveCfg = Debug|Any CPU
		{153AD223-CF8F-4232-B147-EF72A1A75684}.Debug|Any CPU.Build.0 = Debug|Any CPU
		{153AD223-CF8F-4232-B147-EF72A1A75684}.Release|Any CPU.ActiveCfg = Release|Any CPU
		{153AD223-CF8F-4232-B147-EF72A1A75684}.Release|Any CPU.Build.0 = Release|Any CPU
		{CDBBE5C7-20D2-4C8F-B97F-2784F91A64F4}.Debug|Any CPU.ActiveCfg = Debug|Any CPU
		{CDBBE5C7-20D2-4C8F-B97F-2784F91A64F4}.Debug|Any CPU.Build.0 = Debug|Any CPU
		{CDBBE5C7-20D2-4C8F-B97F-2784F91A64F4}.Release|Any CPU.ActiveCfg = Release|Any CPU
		{CDBBE5C7-20D2-4C8F-B97F-2784F91A64F4}.Release|Any CPU.Build.0 = Release|Any CPU
		{CEBB481D-3452-484E-ABAE-F7AD996DD8A8}.Debug|Any CPU.ActiveCfg = Debug|Any CPU
		{CEBB481D-3452-484E-ABAE-F7AD996DD8A8}.Debug|Any CPU.Build.0 = Debug|Any CPU
		{CEBB481D-3452-484E-ABAE-F7AD996DD8A8}.Release|Any CPU.ActiveCfg = Release|Any CPU
		{CEBB481D-3452-484E-ABAE-F7AD996DD8A8}.Release|Any CPU.Build.0 = Release|Any CPU
		{500CF3F3-0979-4354-B5E8-F70D2286E041}.Debug|Any CPU.ActiveCfg = Debug|Any CPU
		{500CF3F3-0979-4354-B5E8-F70D2286E041}.Debug|Any CPU.Build.0 = Debug|Any CPU
		{500CF3F3-0979-4354-B5E8-F70D2286E041}.Release|Any CPU.ActiveCfg = Release|Any CPU
		{500CF3F3-0979-4354-B5E8-F70D2286E041}.Release|Any CPU.Build.0 = Release|Any CPU
	EndGlobalSection
	GlobalSection(SolutionProperties) = preSolution
		HideSolutionNode = FALSE
	EndGlobalSection
	GlobalSection(ExtensibilityGlobals) = postSolution
		SolutionGuid = {E5EC64EA-E5EB-4BB5-AF04-E68308BEEE86}
	EndGlobalSection
EndGlobal
