
Microsoft Visual Studio Solution File, Format Version 12.00
# Visual Studio Version 16
VisualStudioVersion = 16.0.31702.278
MinimumVisualStudioVersion = 10.0.40219.1
Project("{9A19103F-16F7-4668-BE54-9A1E7A4F7556}") = "ProjectSolve.UnitTests", "ProjectSolve.UnitTests\ProjectSolve.UnitTests.csproj", "{0EB216B6-757D-4473-87F7-D291D4C15C46}"
EndProject
Project("{9A19103F-16F7-4668-BE54-9A1E7A4F7556}") = "SolveEquation", "SolveEquation\SolveEquation.csproj", "{88323161-5F9E-4F84-B005-B99D215C116A}"
EndProject
Project("{FAE04EC0-301F-11D3-BF4B-00C04F79EFBC}") = "SolveEquation.IntegrationTests", "SolveEquationIntegrationTests\SolveEquation.IntegrationTests.csproj", "{1EEDDC47-788D-4943-90BB-3503AFA97438}"
EndProject
Global
	GlobalSection(SolutionConfigurationPlatforms) = preSolution
		Debug|Any CPU = Debug|Any CPU
		Release|Any CPU = Release|Any CPU
	EndGlobalSection
	GlobalSection(ProjectConfigurationPlatforms) = postSolution
		{0EB216B6-757D-4473-87F7-D291D4C15C46}.Debug|Any CPU.ActiveCfg = Debug|Any CPU
		{0EB216B6-757D-4473-87F7-D291D4C15C46}.Debug|Any CPU.Build.0 = Debug|Any CPU
		{0EB216B6-757D-4473-87F7-D291D4C15C46}.Release|Any CPU.ActiveCfg = Release|Any CPU
		{0EB216B6-757D-4473-87F7-D291D4C15C46}.Release|Any CPU.Build.0 = Release|Any CPU
		{88323161-5F9E-4F84-B005-B99D215C116A}.Debug|Any CPU.ActiveCfg = Debug|Any CPU
		{88323161-5F9E-4F84-B005-B99D215C116A}.Debug|Any CPU.Build.0 = Debug|Any CPU
		{88323161-5F9E-4F84-B005-B99D215C116A}.Release|Any CPU.ActiveCfg = Release|Any CPU
		{88323161-5F9E-4F84-B005-B99D215C116A}.Release|Any CPU.Build.0 = Release|Any CPU
		{1EEDDC47-788D-4943-90BB-3503AFA97438}.Debug|Any CPU.ActiveCfg = Debug|Any CPU
		{1EEDDC47-788D-4943-90BB-3503AFA97438}.Debug|Any CPU.Build.0 = Debug|Any CPU
		{1EEDDC47-788D-4943-90BB-3503AFA97438}.Release|Any CPU.ActiveCfg = Release|Any CPU
		{1EEDDC47-788D-4943-90BB-3503AFA97438}.Release|Any CPU.Build.0 = Release|Any CPU
	EndGlobalSection
	GlobalSection(SolutionProperties) = preSolution
		HideSolutionNode = FALSE
	EndGlobalSection
	GlobalSection(ExtensibilityGlobals) = postSolution
		SolutionGuid = {6D6E3239-631B-469F-AEF6-F413FD546DD4}
	EndGlobalSection
EndGlobal
