
Microsoft Visual Studio Solution File, Format Version 12.00
# Visual Studio Version 16
VisualStudioVersion = 16.0.31702.278
MinimumVisualStudioVersion = 10.0.40219.1
Project("{FAE04EC0-301F-11D3-BF4B-00C04F79EFBC}") = "HW_Day1_v1", "HW_Day1_v1\HW_Day1_v1.csproj", "{05F44FAB-7DA6-429F-B304-BF37C5D23A02}"
EndProject
Global
	GlobalSection(SolutionConfigurationPlatforms) = preSolution
		Debug|Any CPU = Debug|Any CPU
		Release|Any CPU = Release|Any CPU
	EndGlobalSection
	GlobalSection(ProjectConfigurationPlatforms) = postSolution
		{05F44FAB-7DA6-429F-B304-BF37C5D23A02}.Debug|Any CPU.ActiveCfg = Debug|Any CPU
		{05F44FAB-7DA6-429F-B304-BF37C5D23A02}.Debug|Any CPU.Build.0 = Debug|Any CPU
		{05F44FAB-7DA6-429F-B304-BF37C5D23A02}.Release|Any CPU.ActiveCfg = Release|Any CPU
		{05F44FAB-7DA6-429F-B304-BF37C5D23A02}.Release|Any CPU.Build.0 = Release|Any CPU
	EndGlobalSection
	GlobalSection(SolutionProperties) = preSolution
		HideSolutionNode = FALSE
	EndGlobalSection
	GlobalSection(ExtensibilityGlobals) = postSolution
		SolutionGuid = {1375CB3F-6B27-450D-8C78-B5F6A853E55B}
	EndGlobalSection
EndGlobal
