
Microsoft Visual Studio Solution File, Format Version 12.00
# Visual Studio Version 16
VisualStudioVersion = 16.0.31702.278
MinimumVisualStudioVersion = 10.0.40219.1
Project("{9A19103F-16F7-4668-BE54-9A1E7A4F7556}") = "TDDSquareEquation", "TDDSquareEquation\TDDSquareEquation.csproj", "{BA305A82-C54C-4B58-BFCB-901BECF2A127}"
EndProject
Project("{9A19103F-16F7-4668-BE54-9A1E7A4F7556}") = "TDDSquareEquation.UnitTests", "SquareEquationTests\TDDSquareEquation.UnitTests.csproj", "{1A89E594-A9A7-4B5B-B156-FA97ABFFB3B6}"
EndProject
Project("{FAE04EC0-301F-11D3-BF4B-00C04F79EFBC}") = "TDDSquareEquation.IntegrationTests", "TDDSquareEquation.IntegrationTests\TDDSquareEquation.IntegrationTests.csproj", "{CE1EC44E-0E78-4EB3-84FC-3176CBFA5C70}"
EndProject
Global
	GlobalSection(SolutionConfigurationPlatforms) = preSolution
		Debug|Any CPU = Debug|Any CPU
		Release|Any CPU = Release|Any CPU
	EndGlobalSection
	GlobalSection(ProjectConfigurationPlatforms) = postSolution
		{BA305A82-C54C-4B58-BFCB-901BECF2A127}.Debug|Any CPU.ActiveCfg = Debug|Any CPU
		{BA305A82-C54C-4B58-BFCB-901BECF2A127}.Debug|Any CPU.Build.0 = Debug|Any CPU
		{BA305A82-C54C-4B58-BFCB-901BECF2A127}.Release|Any CPU.ActiveCfg = Release|Any CPU
		{BA305A82-C54C-4B58-BFCB-901BECF2A127}.Release|Any CPU.Build.0 = Release|Any CPU
		{1A89E594-A9A7-4B5B-B156-FA97ABFFB3B6}.Debug|Any CPU.ActiveCfg = Debug|Any CPU
		{1A89E594-A9A7-4B5B-B156-FA97ABFFB3B6}.Debug|Any CPU.Build.0 = Debug|Any CPU
		{1A89E594-A9A7-4B5B-B156-FA97ABFFB3B6}.Release|Any CPU.ActiveCfg = Release|Any CPU
		{1A89E594-A9A7-4B5B-B156-FA97ABFFB3B6}.Release|Any CPU.Build.0 = Release|Any CPU
		{CE1EC44E-0E78-4EB3-84FC-3176CBFA5C70}.Debug|Any CPU.ActiveCfg = Debug|Any CPU
		{CE1EC44E-0E78-4EB3-84FC-3176CBFA5C70}.Debug|Any CPU.Build.0 = Debug|Any CPU
		{CE1EC44E-0E78-4EB3-84FC-3176CBFA5C70}.Release|Any CPU.ActiveCfg = Release|Any CPU
		{CE1EC44E-0E78-4EB3-84FC-3176CBFA5C70}.Release|Any CPU.Build.0 = Release|Any CPU
	EndGlobalSection
	GlobalSection(SolutionProperties) = preSolution
		HideSolutionNode = FALSE
	EndGlobalSection
	GlobalSection(ExtensibilityGlobals) = postSolution
		SolutionGuid = {05D13072-D013-477A-8941-A928DEAA0083}
	EndGlobalSection
EndGlobal
