
Microsoft Visual Studio Solution File, Format Version 12.00
# Visual Studio Version 16
VisualStudioVersion = 16.0.31829.152
MinimumVisualStudioVersion = 10.0.40219.1
Project("{9A19103F-16F7-4668-BE54-9A1E7A4F7556}") = "Task1_Adapter", "Task1_Adapter\Task1_Adapter.csproj", "{946C950C-A791-4971-AB21-AC42D4E65E01}"
EndProject
Project("{9A19103F-16F7-4668-BE54-9A1E7A4F7556}") = "Task2_Decorator", "Task2_Decorator\Task2_Decorator.csproj", "{69D17897-13D5-4A9A-9C53-11B24340BA34}"
EndProject
Project("{FAE04EC0-301F-11D3-BF4B-00C04F79EFBC}") = "Task3_Facade", "Task3_Facade\Task3_Facade.csproj", "{5A7BCEF7-E6C4-4F87-B15A-527F5C368FBD}"
EndProject
Project("{FAE04EC0-301F-11D3-BF4B-00C04F79EFBC}") = "Task4_Proxy", "Task4_Proxy\Task4_Proxy.csproj", "{02596CC5-352D-4C7F-A56B-3FD7251C3263}"
EndProject
Global
	GlobalSection(SolutionConfigurationPlatforms) = preSolution
		Debug|Any CPU = Debug|Any CPU
		Release|Any CPU = Release|Any CPU
	EndGlobalSection
	GlobalSection(ProjectConfigurationPlatforms) = postSolution
		{946C950C-A791-4971-AB21-AC42D4E65E01}.Debug|Any CPU.ActiveCfg = Debug|Any CPU
		{946C950C-A791-4971-AB21-AC42D4E65E01}.Debug|Any CPU.Build.0 = Debug|Any CPU
		{946C950C-A791-4971-AB21-AC42D4E65E01}.Release|Any CPU.ActiveCfg = Release|Any CPU
		{946C950C-A791-4971-AB21-AC42D4E65E01}.Release|Any CPU.Build.0 = Release|Any CPU
		{69D17897-13D5-4A9A-9C53-11B24340BA34}.Debug|Any CPU.ActiveCfg = Debug|Any CPU
		{69D17897-13D5-4A9A-9C53-11B24340BA34}.Debug|Any CPU.Build.0 = Debug|Any CPU
		{69D17897-13D5-4A9A-9C53-11B24340BA34}.Release|Any CPU.ActiveCfg = Release|Any CPU
		{69D17897-13D5-4A9A-9C53-11B24340BA34}.Release|Any CPU.Build.0 = Release|Any CPU
		{5A7BCEF7-E6C4-4F87-B15A-527F5C368FBD}.Debug|Any CPU.ActiveCfg = Debug|Any CPU
		{5A7BCEF7-E6C4-4F87-B15A-527F5C368FBD}.Debug|Any CPU.Build.0 = Debug|Any CPU
		{5A7BCEF7-E6C4-4F87-B15A-527F5C368FBD}.Release|Any CPU.ActiveCfg = Release|Any CPU
		{5A7BCEF7-E6C4-4F87-B15A-527F5C368FBD}.Release|Any CPU.Build.0 = Release|Any CPU
		{02596CC5-352D-4C7F-A56B-3FD7251C3263}.Debug|Any CPU.ActiveCfg = Debug|Any CPU
		{02596CC5-352D-4C7F-A56B-3FD7251C3263}.Debug|Any CPU.Build.0 = Debug|Any CPU
		{02596CC5-352D-4C7F-A56B-3FD7251C3263}.Release|Any CPU.ActiveCfg = Release|Any CPU
		{02596CC5-352D-4C7F-A56B-3FD7251C3263}.Release|Any CPU.Build.0 = Release|Any CPU
	EndGlobalSection
	GlobalSection(SolutionProperties) = preSolution
		HideSolutionNode = FALSE
	EndGlobalSection
	GlobalSection(ExtensibilityGlobals) = postSolution
		SolutionGuid = {D14153C3-E87C-475B-9B8E-9B5352C493B3}
	EndGlobalSection
EndGlobal
