
Microsoft Visual Studio Solution File, Format Version 12.00
# Visual Studio Version 16
VisualStudioVersion = 16.0.29306.81
MinimumVisualStudioVersion = 10.0.40219.1
Project("{9A19103F-16F7-4668-BE54-9A1E7A4F7556}") = "Task", "Task.csproj", "{A47B06BB-F27A-41FC-8DA6-88DF0D8449E5}"
EndProject
Project("{FAE04EC0-301F-11D3-BF4B-00C04F79EFBC}") = "TestTask", "..\TestTask\TestTask.csproj", "{AE404E88-1BE3-412E-A1D7-6466D8DFD61A}"
EndProject
Global
	GlobalSection(SolutionConfigurationPlatforms) = preSolution
		Debug|Any CPU = Debug|Any CPU
		Release|Any CPU = Release|Any CPU
	EndGlobalSection
	GlobalSection(ProjectConfigurationPlatforms) = postSolution
		{A47B06BB-F27A-41FC-8DA6-88DF0D8449E5}.Debug|Any CPU.ActiveCfg = Debug|Any CPU
		{A47B06BB-F27A-41FC-8DA6-88DF0D8449E5}.Debug|Any CPU.Build.0 = Debug|Any CPU
		{A47B06BB-F27A-41FC-8DA6-88DF0D8449E5}.Release|Any CPU.ActiveCfg = Release|Any CPU
		{A47B06BB-F27A-41FC-8DA6-88DF0D8449E5}.Release|Any CPU.Build.0 = Release|Any CPU
		{AE404E88-1BE3-412E-A1D7-6466D8DFD61A}.Debug|Any CPU.ActiveCfg = Debug|Any CPU
		{AE404E88-1BE3-412E-A1D7-6466D8DFD61A}.Debug|Any CPU.Build.0 = Debug|Any CPU
		{AE404E88-1BE3-412E-A1D7-6466D8DFD61A}.Release|Any CPU.ActiveCfg = Release|Any CPU
		{AE404E88-1BE3-412E-A1D7-6466D8DFD61A}.Release|Any CPU.Build.0 = Release|Any CPU
	EndGlobalSection
	GlobalSection(SolutionProperties) = preSolution
		HideSolutionNode = FALSE
	EndGlobalSection
	GlobalSection(ExtensibilityGlobals) = postSolution
		SolutionGuid = {7029375D-EBF2-4CE5-AF1F-E0121BB9D74F}
	EndGlobalSection
EndGlobal
