
Microsoft Visual Studio Solution File, Format Version 12.00
# Visual Studio Version 16
VisualStudioVersion = 16.0.29306.81
MinimumVisualStudioVersion = 10.0.40219.1
Project("{FAE04EC0-301F-11D3-BF4B-00C04F79EFBC}") = "Pylat Task 4", "Pylat Task 4\Pylat Task 4.csproj", "{4BFECACD-A6E7-4FAF-949C-E2B1DB0E229E}"
EndProject
Global
	GlobalSection(SolutionConfigurationPlatforms) = preSolution
		Debug|Any CPU = Debug|Any CPU
		Release|Any CPU = Release|Any CPU
	EndGlobalSection
	GlobalSection(ProjectConfigurationPlatforms) = postSolution
		{4BFECACD-A6E7-4FAF-949C-E2B1DB0E229E}.Debug|Any CPU.ActiveCfg = Debug|Any CPU
		{4BFECACD-A6E7-4FAF-949C-E2B1DB0E229E}.Debug|Any CPU.Build.0 = Debug|Any CPU
		{4BFECACD-A6E7-4FAF-949C-E2B1DB0E229E}.Release|Any CPU.ActiveCfg = Release|Any CPU
		{4BFECACD-A6E7-4FAF-949C-E2B1DB0E229E}.Release|Any CPU.Build.0 = Release|Any CPU
	EndGlobalSection
	GlobalSection(SolutionProperties) = preSolution
		HideSolutionNode = FALSE
	EndGlobalSection
	GlobalSection(ExtensibilityGlobals) = postSolution
		SolutionGuid = {368D0A99-D3E1-49FB-BDC0-EBAF75ED2059}
	EndGlobalSection
EndGlobal
