
Microsoft Visual Studio Solution File, Format Version 12.00
# Visual Studio Version 16
VisualStudioVersion = 16.0.31729.503
MinimumVisualStudioVersion = 10.0.40219.1
Project("{FAE04EC0-301F-11D3-BF4B-00C04F79EFBC}") = "Mediator", "Mediator\Mediator.csproj", "{ABA13002-2D9E-448C-90C7-00F6E7A0D8A2}"
EndProject
Global
	GlobalSection(SolutionConfigurationPlatforms) = preSolution
		Debug|Any CPU = Debug|Any CPU
		Release|Any CPU = Release|Any CPU
	EndGlobalSection
	GlobalSection(ProjectConfigurationPlatforms) = postSolution
		{ABA13002-2D9E-448C-90C7-00F6E7A0D8A2}.Debug|Any CPU.ActiveCfg = Debug|Any CPU
		{ABA13002-2D9E-448C-90C7-00F6E7A0D8A2}.Debug|Any CPU.Build.0 = Debug|Any CPU
		{ABA13002-2D9E-448C-90C7-00F6E7A0D8A2}.Release|Any CPU.ActiveCfg = Release|Any CPU
		{ABA13002-2D9E-448C-90C7-00F6E7A0D8A2}.Release|Any CPU.Build.0 = Release|Any CPU
	EndGlobalSection
	GlobalSection(SolutionProperties) = preSolution
		HideSolutionNode = FALSE
	EndGlobalSection
	GlobalSection(ExtensibilityGlobals) = postSolution
		SolutionGuid = {646EB8A2-4E0F-42CE-B9D4-6751EF3EC1F2}
	EndGlobalSection
EndGlobal
