
Microsoft Visual Studio Solution File, Format Version 12.00
# Visual Studio Version 16
VisualStudioVersion = 16.0.31729.503
MinimumVisualStudioVersion = 10.0.40219.1
Project("{FAE04EC0-301F-11D3-BF4B-00C04F79EFBC}") = "Singleton", "Singleton\Singleton.csproj", "{2E8957C1-7B21-4E85-86E8-551FED0BB538}"
EndProject
Global
	GlobalSection(SolutionConfigurationPlatforms) = preSolution
		Debug|Any CPU = Debug|Any CPU
		Release|Any CPU = Release|Any CPU
	EndGlobalSection
	GlobalSection(ProjectConfigurationPlatforms) = postSolution
		{2E8957C1-7B21-4E85-86E8-551FED0BB538}.Debug|Any CPU.ActiveCfg = Debug|Any CPU
		{2E8957C1-7B21-4E85-86E8-551FED0BB538}.Debug|Any CPU.Build.0 = Debug|Any CPU
		{2E8957C1-7B21-4E85-86E8-551FED0BB538}.Release|Any CPU.ActiveCfg = Release|Any CPU
		{2E8957C1-7B21-4E85-86E8-551FED0BB538}.Release|Any CPU.Build.0 = Release|Any CPU
	EndGlobalSection
	GlobalSection(SolutionProperties) = preSolution
		HideSolutionNode = FALSE
	EndGlobalSection
	GlobalSection(ExtensibilityGlobals) = postSolution
		SolutionGuid = {060F24A3-1477-4798-B67D-F147D3FAB176}
	EndGlobalSection
EndGlobal
