
Microsoft Visual Studio Solution File, Format Version 12.00
# Visual Studio Version 16
VisualStudioVersion = 16.0.31702.278
MinimumVisualStudioVersion = 10.0.40219.1
Project("{FAE04EC0-301F-11D3-BF4B-00C04F79EFBC}") = "AbstractFactory", "AbstractFactory\AbstractFactory.csproj", "{474CFFE3-7427-4AC6-89B8-709CC277078A}"
EndProject
Global
	GlobalSection(SolutionConfigurationPlatforms) = preSolution
		Debug|Any CPU = Debug|Any CPU
		Release|Any CPU = Release|Any CPU
	EndGlobalSection
	GlobalSection(ProjectConfigurationPlatforms) = postSolution
		{474CFFE3-7427-4AC6-89B8-709CC277078A}.Debug|Any CPU.ActiveCfg = Debug|Any CPU
		{474CFFE3-7427-4AC6-89B8-709CC277078A}.Debug|Any CPU.Build.0 = Debug|Any CPU
		{474CFFE3-7427-4AC6-89B8-709CC277078A}.Release|Any CPU.ActiveCfg = Release|Any CPU
		{474CFFE3-7427-4AC6-89B8-709CC277078A}.Release|Any CPU.Build.0 = Release|Any CPU
	EndGlobalSection
	GlobalSection(SolutionProperties) = preSolution
		HideSolutionNode = FALSE
	EndGlobalSection
	GlobalSection(ExtensibilityGlobals) = postSolution
		SolutionGuid = {436148B6-CDC5-4987-AF2F-4D9EEB07A8CF}
	EndGlobalSection
EndGlobal
