
Microsoft Visual Studio Solution File, Format Version 12.00
# Visual Studio Version 16
VisualStudioVersion = 16.0.31729.503
MinimumVisualStudioVersion = 10.0.40219.1
Project("{9A19103F-16F7-4668-BE54-9A1E7A4F7556}") = "QuadraticEquationMartin.Tests", "QuadraticEquationMartin.Tests\QuadraticEquationMartin.Tests.csproj", "{8D7CCEF5-4B87-43DF-95A0-CC96574C34F4}"
EndProject
Project("{FAE04EC0-301F-11D3-BF4B-00C04F79EFBC}") = "QuadraticEquationMartin1", "QuadraticEquationMartin1\QuadraticEquationMartin1.csproj", "{2BAE4056-FA60-4132-92D0-C6F324C46C4A}"
EndProject
Global
	GlobalSection(SolutionConfigurationPlatforms) = preSolution
		Debug|Any CPU = Debug|Any CPU
		Release|Any CPU = Release|Any CPU
	EndGlobalSection
	GlobalSection(ProjectConfigurationPlatforms) = postSolution
		{8D7CCEF5-4B87-43DF-95A0-CC96574C34F4}.Debug|Any CPU.ActiveCfg = Debug|Any CPU
		{8D7CCEF5-4B87-43DF-95A0-CC96574C34F4}.Debug|Any CPU.Build.0 = Debug|Any CPU
		{8D7CCEF5-4B87-43DF-95A0-CC96574C34F4}.Release|Any CPU.ActiveCfg = Release|Any CPU
		{8D7CCEF5-4B87-43DF-95A0-CC96574C34F4}.Release|Any CPU.Build.0 = Release|Any CPU
		{2BAE4056-FA60-4132-92D0-C6F324C46C4A}.Debug|Any CPU.ActiveCfg = Debug|Any CPU
		{2BAE4056-FA60-4132-92D0-C6F324C46C4A}.Debug|Any CPU.Build.0 = Debug|Any CPU
		{2BAE4056-FA60-4132-92D0-C6F324C46C4A}.Release|Any CPU.ActiveCfg = Release|Any CPU
		{2BAE4056-FA60-4132-92D0-C6F324C46C4A}.Release|Any CPU.Build.0 = Release|Any CPU
	EndGlobalSection
	GlobalSection(SolutionProperties) = preSolution
		HideSolutionNode = FALSE
	EndGlobalSection
	GlobalSection(ExtensibilityGlobals) = postSolution
		SolutionGuid = {6D82E708-2C2F-41F8-B04E-E78B217B2418}
	EndGlobalSection
EndGlobal
