
Microsoft Visual Studio Solution File, Format Version 12.00
# Visual Studio Version 16
VisualStudioVersion = 16.0.31729.503
MinimumVisualStudioVersion = 10.0.40219.1
Project("{9A19103F-16F7-4668-BE54-9A1E7A4F7556}") = "ConsoleApp1", "ConsoleApp1.csproj", "{52CFEEE8-1CAB-4387-A8B3-016AA51FADEA}"
EndProject
Project("{9A19103F-16F7-4668-BE54-9A1E7A4F7556}") = "ConsoleApp2", "..\ConsoleApp2\ConsoleApp2.csproj", "{563765DF-F4D6-4A69-AD2E-5247ED354DE0}"
EndProject
Project("{9A19103F-16F7-4668-BE54-9A1E7A4F7556}") = "ConsoleApp3", "..\ConsoleApp3\ConsoleApp3.csproj", "{4A5D4F11-AED1-4ACD-86BB-5DF3CC850EA8}"
EndProject
Project("{FAE04EC0-301F-11D3-BF4B-00C04F79EFBC}") = "ConsoleApp4", "..\ConsoleApp4\ConsoleApp4.csproj", "{8A1ADA1E-1E33-4F64-915C-6428660B0A65}"
EndProject
Project("{FAE04EC0-301F-11D3-BF4B-00C04F79EFBC}") = "ConsoleApp5", "..\ConsoleApp5\ConsoleApp5.csproj", "{56239B30-3C29-400F-A660-0CC8A09BA1C5}"
EndProject
Global
	GlobalSection(SolutionConfigurationPlatforms) = preSolution
		Debug|Any CPU = Debug|Any CPU
		Release|Any CPU = Release|Any CPU
	EndGlobalSection
	GlobalSection(ProjectConfigurationPlatforms) = postSolution
		{52CFEEE8-1CAB-4387-A8B3-016AA51FADEA}.Debug|Any CPU.ActiveCfg = Debug|Any CPU
		{52CFEEE8-1CAB-4387-A8B3-016AA51FADEA}.Debug|Any CPU.Build.0 = Debug|Any CPU
		{52CFEEE8-1CAB-4387-A8B3-016AA51FADEA}.Release|Any CPU.ActiveCfg = Release|Any CPU
		{52CFEEE8-1CAB-4387-A8B3-016AA51FADEA}.Release|Any CPU.Build.0 = Release|Any CPU
		{563765DF-F4D6-4A69-AD2E-5247ED354DE0}.Debug|Any CPU.ActiveCfg = Debug|Any CPU
		{563765DF-F4D6-4A69-AD2E-5247ED354DE0}.Debug|Any CPU.Build.0 = Debug|Any CPU
		{563765DF-F4D6-4A69-AD2E-5247ED354DE0}.Release|Any CPU.ActiveCfg = Release|Any CPU
		{563765DF-F4D6-4A69-AD2E-5247ED354DE0}.Release|Any CPU.Build.0 = Release|Any CPU
		{4A5D4F11-AED1-4ACD-86BB-5DF3CC850EA8}.Debug|Any CPU.ActiveCfg = Debug|Any CPU
		{4A5D4F11-AED1-4ACD-86BB-5DF3CC850EA8}.Debug|Any CPU.Build.0 = Debug|Any CPU
		{4A5D4F11-AED1-4ACD-86BB-5DF3CC850EA8}.Release|Any CPU.ActiveCfg = Release|Any CPU
		{4A5D4F11-AED1-4ACD-86BB-5DF3CC850EA8}.Release|Any CPU.Build.0 = Release|Any CPU
		{8A1ADA1E-1E33-4F64-915C-6428660B0A65}.Debug|Any CPU.ActiveCfg = Debug|Any CPU
		{8A1ADA1E-1E33-4F64-915C-6428660B0A65}.Debug|Any CPU.Build.0 = Debug|Any CPU
		{8A1ADA1E-1E33-4F64-915C-6428660B0A65}.Release|Any CPU.ActiveCfg = Release|Any CPU
		{8A1ADA1E-1E33-4F64-915C-6428660B0A65}.Release|Any CPU.Build.0 = Release|Any CPU
		{56239B30-3C29-400F-A660-0CC8A09BA1C5}.Debug|Any CPU.ActiveCfg = Debug|Any CPU
		{56239B30-3C29-400F-A660-0CC8A09BA1C5}.Debug|Any CPU.Build.0 = Debug|Any CPU
		{56239B30-3C29-400F-A660-0CC8A09BA1C5}.Release|Any CPU.ActiveCfg = Release|Any CPU
		{56239B30-3C29-400F-A660-0CC8A09BA1C5}.Release|Any CPU.Build.0 = Release|Any CPU
	EndGlobalSection
	GlobalSection(SolutionProperties) = preSolution
		HideSolutionNode = FALSE
	EndGlobalSection
	GlobalSection(ExtensibilityGlobals) = postSolution
		SolutionGuid = {3922F9E4-20ED-45E7-BA63-6088F1806BB1}
	EndGlobalSection
EndGlobal
