
Microsoft Visual Studio Solution File, Format Version 12.00
# Visual Studio Version 16
VisualStudioVersion = 16.0.30907.101
MinimumVisualStudioVersion = 10.0.40219.1
Project("{2150E333-8FDC-42A3-9474-1A3956D46DE8}") = "Lecture1", "Lecture1", "{BCE68949-0256-4EC0-907E-87B34F2A037D}"
EndProject
Project("{9A19103F-16F7-4668-BE54-9A1E7A4F7556}") = "FirstProgram", "Lecture1\FirstProgram\FirstProgram.csproj", "{33A3B8D4-6574-4E71-82F0-37AD45DD2BF3}"
EndProject
Project("{2150E333-8FDC-42A3-9474-1A3956D46DE8}") = "Homework", "Homework", "{39E37D91-F7B7-4669-9A3D-06F80DB83687}"
	ProjectSection(SolutionItems) = preProject
		Lecture1\Homework\Tasks.txt = Lecture1\Homework\Tasks.txt
	EndProjectSection
EndProject
Project("{2150E333-8FDC-42A3-9474-1A3956D46DE8}") = "Lecture3", "Lecture3", "{B76CC35F-D14D-4645-ABC6-78ACDC5D6649}"
EndProject
Project("{2150E333-8FDC-42A3-9474-1A3956D46DE8}") = "Homework", "Homework", "{DE2D5B22-4275-416E-8F06-4E8C206FB49A}"
	ProjectSection(SolutionItems) = preProject
		Lecture3\Homework\Tasks.txt = Lecture3\Homework\Tasks.txt
	EndProjectSection
EndProject
Project("{2150E333-8FDC-42A3-9474-1A3956D46DE8}") = "Lecture2", "Lecture2", "{8DEF9C7E-2A6B-4C6F-83D1-633A43781F1A}"
EndProject
Project("{2150E333-8FDC-42A3-9474-1A3956D46DE8}") = "Homework", "Homework", "{AAE99CB6-04E4-4B88-9AF5-20ABBA1F1B0B}"
	ProjectSection(SolutionItems) = preProject
		Lecture2\Tasks\Tasks.txt = Lecture2\Tasks\Tasks.txt
	EndProjectSection
EndProject
Project("{9A19103F-16F7-4668-BE54-9A1E7A4F7556}") = "MethodExamples", "Lecture2\MethodExamples\MethodExamples.csproj", "{B7D8416E-2187-4836-BF6B-907A0B794F9D}"
EndProject
Project("{9A19103F-16F7-4668-BE54-9A1E7A4F7556}") = "ValueTypeExamples", "Lecture2\ValueTypesExamples\ValueTypeExamples.csproj", "{87D98041-252C-4816-8D72-8937B75AAACB}"
EndProject
Project("{9A19103F-16F7-4668-BE54-9A1E7A4F7556}") = "ArrayExamples", "Lecture2\ArrayExamples\ArrayExamples.csproj", "{3F055345-7277-49CA-9D74-B09B4357C58C}"
EndProject
Project("{9A19103F-16F7-4668-BE54-9A1E7A4F7556}") = "BasicConsoleIOExample", "Lecture1\BasicConsoleIOExample\BasicConsoleIOExample.csproj", "{82FB3DF2-B738-44E7-9D8B-11F531570879}"
EndProject
Project("{9A19103F-16F7-4668-BE54-9A1E7A4F7556}") = "BasicDataTypesExample", "Lecture1\BasicDataTypesExample\BasicDataTypesExample.csproj", "{CCEF4270-62F0-4691-B03A-421AA7ABEBD8}"
EndProject
Project("{9A19103F-16F7-4668-BE54-9A1E7A4F7556}") = "StringExample", "Lecture1\StringExample\StringExample.csproj", "{81864CFD-D76D-4F0B-8A04-83A531467253}"
EndProject
Project("{9A19103F-16F7-4668-BE54-9A1E7A4F7556}") = "ImplicitlyTypesLocalVarExample", "Lecture1\ImplicitlyTypesLocalVarExample\ImplicitlyTypesLocalVarExample.csproj", "{8619C364-C94D-4A43-BB3F-D04EDAD1D4DF}"
EndProject
Project("{9A19103F-16F7-4668-BE54-9A1E7A4F7556}") = "IterationAndDecisionsExample", "Lecture1\IterationAndDecisionsExample\IterationAndDecisionsExample.csproj", "{F4CDC2E6-98F4-47CF-A19F-A9BAA4F1EA8C}"
EndProject
Project("{9A19103F-16F7-4668-BE54-9A1E7A4F7556}") = "EnumExamples", "Lecture1\EnumExamples\EnumExamples.csproj", "{D28DB480-A2E2-4203-BBE8-1233D05900A9}"
EndProject
Project("{2150E333-8FDC-42A3-9474-1A3956D46DE8}") = "Lecture4", "Lecture4", "{3EA4C87C-E4C7-4149-BCE6-1FC95E8D8036}"
EndProject
Project("{9A19103F-16F7-4668-BE54-9A1E7A4F7556}") = "InterfacesExamples", "Lecture4\InterfacesExamples\InterfacesExamples.csproj", "{5C533A18-FB39-4B5D-B98C-2C976D1E0E89}"
EndProject
Project("{9A19103F-16F7-4668-BE54-9A1E7A4F7556}") = "EnumerableExample", "Lecture4\EnumerableExample\EnumerableExample.csproj", "{1038DC3D-5188-4997-BE3F-441F5157445D}"
EndProject
Project("{9A19103F-16F7-4668-BE54-9A1E7A4F7556}") = "ExceptionExamples", "Lecture4\ExceptionExamples\ExceptionExamples.csproj", "{BFCB8B4A-1FE5-4173-BCBC-8302CB75A40A}"
EndProject
Project("{2150E333-8FDC-42A3-9474-1A3956D46DE8}") = "Homework", "Homework", "{F1AC00AC-A479-4735-9B6C-C7EB89EF4CFB}"
	ProjectSection(SolutionItems) = preProject
		Lecture4\Homework\Tasks.txt = Lecture4\Homework\Tasks.txt
	EndProjectSection
EndProject
Project("{2150E333-8FDC-42A3-9474-1A3956D46DE8}") = "Lecture7", "Lecture7", "{B25CD403-4384-41A0-ABA7-43CC7D04DEE7}"
EndProject
Project("{2150E333-8FDC-42A3-9474-1A3956D46DE8}") = "Homework", "Homework", "{361F53B0-F7DA-42E0-A637-0A547FD73BE8}"
	ProjectSection(SolutionItems) = preProject
		Lecture7\Homework\Tasks.txt = Lecture7\Homework\Tasks.txt
	EndProjectSection
EndProject
Project("{9A19103F-16F7-4668-BE54-9A1E7A4F7556}") = "AutoPropsExample", "Lecture3\AutoPropsExample\AutoPropsExample.csproj", "{13A7FDED-5A41-4FEE-9CD8-6F4719FA306C}"
EndProject
Project("{9A19103F-16F7-4668-BE54-9A1E7A4F7556}") = "ConstExample", "Lecture3\ConstExample\ConstExample.csproj", "{DCDEF585-B0E6-4F70-95E9-81070A2E66C6}"
EndProject
Project("{9A19103F-16F7-4668-BE54-9A1E7A4F7556}") = "SimpleClassExample", "Lecture3\SimpleClassExample\SimpleClassExample.csproj", "{313CFC8D-D33B-4916-8F11-BB05C4EBBE8A}"
EndProject
Project("{9A19103F-16F7-4668-BE54-9A1E7A4F7556}") = "StaticDataAndMembersExample", "Lecture3\StaticDataAndMembersExample\StaticDataAndMembersExample.csproj", "{4A4AA23B-B33A-43C1-96F4-B04389DA0BB4}"
EndProject
Project("{9A19103F-16F7-4668-BE54-9A1E7A4F7556}") = "OIopExamples", "Lecture3\OIopExamples\OIopExamples.csproj", "{B23E747E-857A-4CBB-BBE1-DE7988E2CCB9}"
EndProject
Project("{9A19103F-16F7-4668-BE54-9A1E7A4F7556}") = "EmployeeExample", "Lecture3\EmployeeExample\EmployeeExample.csproj", "{60C3250C-FF4F-45A3-9FA1-3847856F4B91}"
EndProject
Project("{9A19103F-16F7-4668-BE54-9A1E7A4F7556}") = "ObjectInitializerExample", "Lecture3\ObjectInitializerExample\ObjectInitializerExample.csproj", "{1566FAA3-9718-4281-9D75-7080CB99F3DD}"
EndProject
Project("{9A19103F-16F7-4668-BE54-9A1E7A4F7556}") = "BasicInheritanceExample", "Lecture3\BasicInheritanceExample\BasicInheritanceExample.csproj", "{0E364A8F-E9B6-4E09-B79E-E4B3A3178012}"
EndProject
Project("{9A19103F-16F7-4668-BE54-9A1E7A4F7556}") = "LinqExamples", "Lecture7\LinqExamples\LinqExamples.csproj", "{4DF162BE-54DB-49EB-8070-05B062DF2F0D}"
EndProject
Project("{9A19103F-16F7-4668-BE54-9A1E7A4F7556}") = "LinqOverArray", "Lecture7\LinqOverArray\LinqOverArray.csproj", "{73751CCD-3057-488D-8B38-1525F4C6FF9F}"
EndProject
Project("{9A19103F-16F7-4668-BE54-9A1E7A4F7556}") = "LinqOverCollections", "Lecture7\LinqOverCollections\LinqOverCollections.csproj", "{C2845BD3-D63E-42C9-A75F-E84B258CD9B5}"
EndProject
Project("{9A19103F-16F7-4668-BE54-9A1E7A4F7556}") = "LinqUsingEnumerable", "Lecture7\LinqUsingEnumerable\LinqUsingEnumerable.csproj", "{10BABE8F-4EAD-42C9-AF1B-FEE4C129F461}"
EndProject
Project("{2150E333-8FDC-42A3-9474-1A3956D46DE8}") = "Lecture5", "Lecture5", "{700639AA-72D7-4015-8B2C-6EA4DAA0FD54}"
EndProject
Project("{9A19103F-16F7-4668-BE54-9A1E7A4F7556}") = "CustomerGenericMethodExample", "Lecture5\CustomerGenericMethodExample\CustomerGenericMethodExample.csproj", "{441058B0-9E57-41C4-82AE-3B808BE1832F}"
EndProject
Project("{9A19103F-16F7-4668-BE54-9A1E7A4F7556}") = "CollectionInitializationExample", "Lecture5\CollectionInitializationExample\CollectionInitializationExample.csproj", "{5CA5F301-293C-4206-8653-883AE4971CB3}"
EndProject
Project("{9A19103F-16F7-4668-BE54-9A1E7A4F7556}") = "IssueWithNonGenericCollectionExample", "Lecture5\IssueWithNonGenericCollectionExample\IssueWithNonGenericCollectionExample.csproj", "{73136A05-B7A9-4257-9C41-E4368A18E1C0}"
EndProject
Project("{9A19103F-16F7-4668-BE54-9A1E7A4F7556}") = "GenericPointExample", "Lecture5\GenericPointExample\GenericPointExample.csproj", "{1819EA7C-CB74-423F-B6F5-A3412D59D44E}"
EndProject
Project("{9A19103F-16F7-4668-BE54-9A1E7A4F7556}") = "GenericCollectionExample", "Lecture5\GenericCollectionExample\GenericCollectionExample.csproj", "{90E38273-7A46-4ADE-A55E-AFA0017722B3}"
EndProject
Project("{2150E333-8FDC-42A3-9474-1A3956D46DE8}") = "Homework", "Homework", "{DFAE0DC3-3081-44A7-ABA6-481639D0382A}"
	ProjectSection(SolutionItems) = preProject
		Lecture5\Homework\Tasks.txt = Lecture5\Homework\Tasks.txt
	EndProjectSection
EndProject
Project("{9A19103F-16F7-4668-BE54-9A1E7A4F7556}") = "IuriiPlLect2", "Lecture2\Tasks\IuriiPlLect2\IuriiPlLect2.csproj", "{4F05EA35-DD7C-4377-BB51-0B4835FD4C35}"
EndProject
Project("{2150E333-8FDC-42A3-9474-1A3956D46DE8}") = "YuriyPlyska", "YuriyPlyska", "{F9374AB9-72AD-4209-B4C2-B3EDAC7B6C2D}"
EndProject
Project("{9A19103F-16F7-4668-BE54-9A1E7A4F7556}") = "YuriyPlLect1", "YuriyPlLect1\YuriyPlLect1.csproj", "{7BCB9135-CB34-456D-93C7-AC3243B06EA5}"
EndProject
Project("{2150E333-8FDC-42A3-9474-1A3956D46DE8}") = "shyptur", "shyptur", "{636356C9-AEC2-4C25-B050-6BE91A211621}"
EndProject
Project("{9A19103F-16F7-4668-BE54-9A1E7A4F7556}") = "myfirstproject", "Lecture1\Homework\shyptur\myfirstproject\myfirstproject.csproj", "{5F3FC4F7-907A-43B4-BD38-CAD202A8D4EC}"
EndProject
Project("{9A19103F-16F7-4668-BE54-9A1E7A4F7556}") = "HWTask", "Lecture3\Homework\OKrutii-Task3\HWTask\HWTask.csproj", "{7CB405E2-F61F-4567-B8F7-1080C1B2A544}"
EndProject
Project("{9A19103F-16F7-4668-BE54-9A1E7A4F7556}") = "MykhailoR", "Lecture3\Homework\MykhailoR\MykhailoR.csproj", "{25E42E6A-DDD5-4ECE-917C-74E6F45AE06A}"
EndProject
Project("{9A19103F-16F7-4668-BE54-9A1E7A4F7556}") = "Task1", "Lecture1\Homework\Task1\Task1.csproj", "{5B4592DB-789A-4138-A35A-01077C2E00A2}"
EndProject
Project("{9A19103F-16F7-4668-BE54-9A1E7A4F7556}") = "Task2", "Lecture1\Homework\Task2\Task2.csproj", "{7F8DC052-66B8-4025-8296-F66ABC482DAE}"
EndProject
Project("{9A19103F-16F7-4668-BE54-9A1E7A4F7556}") = "Task3", "Lecture1\Homework\Task3\Task3.csproj", "{47A13C98-4E20-46F6-94F3-1DF24E510D62}"
EndProject
Project("{9A19103F-16F7-4668-BE54-9A1E7A4F7556}") = "Task4", "Lecture1\Homework\Task4\Task4.csproj", "{523D6691-7D73-4AEE-AD68-F7E1EF202BD0}"
EndProject
Project("{9A19103F-16F7-4668-BE54-9A1E7A4F7556}") = "Task5", "Lecture1\Homework\Task5\Task5.csproj", "{3BC318C5-3076-4069-9B0E-C003A67FC94C}"
EndProject
Project("{9A19103F-16F7-4668-BE54-9A1E7A4F7556}") = "Task6", "Lecture1\Homework\Task6\Task6.csproj", "{F19589CE-2105-4B2F-8A82-BBBB4C95CF8D}"
EndProject
Project("{9A19103F-16F7-4668-BE54-9A1E7A4F7556}") = "Task7", "Lecture1\Homework\Task7\Task7.csproj", "{3816A805-17F1-4E12-860C-EF8958C16D66}"
EndProject
Project("{9A19103F-16F7-4668-BE54-9A1E7A4F7556}") = "Task8", "Lecture1\Homework\Task8\Task8.csproj", "{D60DC375-5ABC-4043-9F8B-9EC0B9586F01}"
EndProject
Project("{9A19103F-16F7-4668-BE54-9A1E7A4F7556}") = "Task9", "Lecture1\Homework\Task9\Task9.csproj", "{08E5BDD4-52CF-4C89-9097-B0B3E3BA930E}"
EndProject
Project("{9A19103F-16F7-4668-BE54-9A1E7A4F7556}") = "Task10", "Lecture1\Homework\Task10\Task10.csproj", "{06AD960D-58A8-447C-BDC0-3DDA25333322}"
EndProject
Project("{9A19103F-16F7-4668-BE54-9A1E7A4F7556}") = "Task11", "Lecture1\Homework\Task11\Task11.csproj", "{F2BD752E-80B6-40A7-BB9A-E0E271B8471A}"
EndProject
Project("{9A19103F-16F7-4668-BE54-9A1E7A4F7556}") = "Task12", "Lecture1\Homework\Task12\Task12.csproj", "{041BFB18-32ED-40CE-93A0-BE987AE39CE9}"
EndProject
Project("{9A19103F-16F7-4668-BE54-9A1E7A4F7556}") = "Task13", "Lecture1\Homework\Task13\Task13.csproj", "{9D43C9F4-AD8C-414F-90D7-A3ACAEE70C59}"
EndProject
Project("{2150E333-8FDC-42A3-9474-1A3956D46DE8}") = "MRoshko - Task2", "MRoshko - Task2", "{4D05E57A-716E-43E0-83DF-9623F509464C}"
EndProject
Project("{2150E333-8FDC-42A3-9474-1A3956D46DE8}") = "MRoshko - Task1", "MRoshko - Task1", "{0036609B-7729-41DA-973D-80C6902BA84D}"
EndProject
Project("{9A19103F-16F7-4668-BE54-9A1E7A4F7556}") = "Task2-Ivanyshyn", "Lecture2\Tasks\Task2-Ivanyshyn\Task2-Ivanyshyn.csproj", "{3C15F2C3-FCCE-447B-94E7-6E0C54F112B6}"
EndProject
Project("{9A19103F-16F7-4668-BE54-9A1E7A4F7556}") = "MRoshko-Task3", "Lecture3\Homework\MRoshko-Task3\MRoshko-Task3.csproj", "{0E6F510C-5E90-4C00-9F6F-9F5C1F425951}"
EndProject
Project("{9A19103F-16F7-4668-BE54-9A1E7A4F7556}") = "Methods", "Lecture2\Tasks\MRoshko-Task2\Methods\Methods.csproj", "{89CB075D-485E-4DBB-B54D-D66DB1089CBB}"
EndProject
Project("{9A19103F-16F7-4668-BE54-9A1E7A4F7556}") = "ValueVsReference", "Lecture2\Tasks\MRoshko-Task2\Homework\ValueVsReference.csproj", "{CCCBF372-0C3E-43A8-A592-AC106900259E}"
EndProject
Project("{9A19103F-16F7-4668-BE54-9A1E7A4F7556}") = "Arrays", "Lecture2\Tasks\MRoshko-Task2\Arrays\Arrays.csproj", "{DBABE1B7-4B73-47D8-93DF-9871BF792A0D}"
EndProject
Project("{9A19103F-16F7-4668-BE54-9A1E7A4F7556}") = "DIvanyshyn - Task 3", "Lecture3\Homework\DIvanyshyn - Task 3\DIvanyshyn - Task 3.csproj", "{01C51CA4-3FAD-462E-B4EB-D26A77C59F3E}"
EndProject
Project("{2150E333-8FDC-42A3-9474-1A3956D46DE8}") = "ivanyshyn", "ivanyshyn", "{92FD9E08-7E60-4599-A96E-64B8958DE287}"
EndProject
Project("{9A19103F-16F7-4668-BE54-9A1E7A4F7556}") = "DIVanyshyn-Task4", "Lecture4\Homework\Ivanyshyn\DIVanyshyn-Task4\DIVanyshyn-Task4.csproj", "{547A89F7-215F-4098-BC63-902E1B355029}"
EndProject
Project("{9A19103F-16F7-4668-BE54-9A1E7A4F7556}") = "LiveCode", "Lecture5\LiveCode\LiveCode.csproj", "{3136D8E7-FA25-4288-B8F0-365E1212DAFB}"
EndProject
Project("{2150E333-8FDC-42A3-9474-1A3956D46DE8}") = "Lecture6", "Lecture6", "{48C38C35-4C06-4C99-9D14-CE129D00D6C5}"
	ProjectSection(SolutionItems) = preProject
		Lecture6\Homework\Tasks.txt = Lecture6\Homework\Tasks.txt
	EndProjectSection
EndProject
Project("{2150E333-8FDC-42A3-9474-1A3956D46DE8}") = "ExtensionMethods", "ExtensionMethods", "{A49641C3-147F-4018-A9C8-B828A966A16F}"
EndProject
Project("{9A19103F-16F7-4668-BE54-9A1E7A4F7556}") = "ExtensionExamples", "Lecture6\ExtensionExamples\ExtensionExamples.csproj", "{71091BA6-A5D4-43A7-9B83-D140BBE99EE2}"
EndProject
Project("{9A19103F-16F7-4668-BE54-9A1E7A4F7556}") = "InterfaceExtensions", "Lecture6\InterfaceExtensions\InterfaceExtensions.csproj", "{5C216E1A-3583-44FF-A256-DA56D4D1B74B}"
EndProject
Project("{2150E333-8FDC-42A3-9474-1A3956D46DE8}") = "Delegates", "Delegates", "{6BFB01F4-9796-491F-A49A-981667459724}"
EndProject
Project("{9A19103F-16F7-4668-BE54-9A1E7A4F7556}") = "ActionAndFuncDelegates", "Lecture6\ActionAndFuncDelegates\ActionAndFuncDelegates.csproj", "{AA5C8E65-C10F-48A7-8786-B09B3B4A0CBB}"
EndProject
Project("{9A19103F-16F7-4668-BE54-9A1E7A4F7556}") = "AnonymousMethods", "Lecture6\AnonymousMethods\AnonymousMethods.csproj", "{8C617A01-D37A-4850-B0EA-457E07AD6EFA}"
EndProject
Project("{9A19103F-16F7-4668-BE54-9A1E7A4F7556}") = "CarDelegate", "Lecture6\CarDelegate\CarDelegate.csproj", "{2FE17342-100C-40FC-8B13-7E0A93D2A5A2}"
EndProject
Project("{9A19103F-16F7-4668-BE54-9A1E7A4F7556}") = "CarEvents", "Lecture6\CarEvents\CarEvents.csproj", "{66288A88-40B1-47AE-9042-93BE2F800355}"
EndProject
Project("{9A19103F-16F7-4668-BE54-9A1E7A4F7556}") = "CarEventsWithLambdas", "Lecture6\CarEventsWithLambdas\CarEventsWithLambdas.csproj", "{4DD6544D-CD03-489B-8AA1-D01DBE7F3E0A}"
EndProject
Project("{9A19103F-16F7-4668-BE54-9A1E7A4F7556}") = "GenericDelegate", "Lecture6\GenericDelegate\GenericDelegate.csproj", "{23FEDE9F-26FE-40B6-AD2B-C582588BF32E}"
EndProject
Project("{9A19103F-16F7-4668-BE54-9A1E7A4F7556}") = "LambdaExpressions", "Lecture6\LambdaExpressions\LambdaExpressions.csproj", "{D20C35DD-341E-4D7A-8549-7ED160B00B63}"
EndProject
Project("{9A19103F-16F7-4668-BE54-9A1E7A4F7556}") = "PublicDelegateProblem", "Lecture6\PublicDelegateProblem\PublicDelegateProblem.csproj", "{2C70875F-DB77-4D6B-AB7C-698A7649DFA8}"
EndProject
Project("{9A19103F-16F7-4668-BE54-9A1E7A4F7556}") = "SimpleDelegate", "Lecture6\SimpleDelegate\SimpleDelegate.csproj", "{E71066AE-C3FA-479F-855E-7E686D424E5B}"
EndProject
Project("{9A19103F-16F7-4668-BE54-9A1E7A4F7556}") = "LiveCoding", "Lecture6\LiveCoding\LiveCoding.csproj", "{F225B9DA-D230-48AA-8200-FEB2CCC2C645}"
EndProject
Project("{2150E333-8FDC-42A3-9474-1A3956D46DE8}") = "Homework", "Homework", "{75EAF97C-287C-4929-96C0-9F0D36686E58}"
	ProjectSection(SolutionItems) = preProject
		Lecture6\Homework\Tasks.txt = Lecture6\Homework\Tasks.txt
	EndProjectSection
EndProject
Project("{FAE04EC0-301F-11D3-BF4B-00C04F79EFBC}") = "DIvanyshyn-6", "Lecture6\Homework\ivanyshyn\DIvanyshyn-6\DIvanyshyn-6.csproj", "{6C75F83F-45ED-4D5B-B850-A39DF573A1FD}"
EndProject
Global
	GlobalSection(SolutionConfigurationPlatforms) = preSolution
		Debug|Any CPU = Debug|Any CPU
		Release|Any CPU = Release|Any CPU
	EndGlobalSection
	GlobalSection(ProjectConfigurationPlatforms) = postSolution
		{33A3B8D4-6574-4E71-82F0-37AD45DD2BF3}.Debug|Any CPU.ActiveCfg = Debug|Any CPU
		{33A3B8D4-6574-4E71-82F0-37AD45DD2BF3}.Debug|Any CPU.Build.0 = Debug|Any CPU
		{33A3B8D4-6574-4E71-82F0-37AD45DD2BF3}.Release|Any CPU.ActiveCfg = Release|Any CPU
		{33A3B8D4-6574-4E71-82F0-37AD45DD2BF3}.Release|Any CPU.Build.0 = Release|Any CPU
		{B7D8416E-2187-4836-BF6B-907A0B794F9D}.Debug|Any CPU.ActiveCfg = Debug|Any CPU
		{B7D8416E-2187-4836-BF6B-907A0B794F9D}.Debug|Any CPU.Build.0 = Debug|Any CPU
		{B7D8416E-2187-4836-BF6B-907A0B794F9D}.Release|Any CPU.ActiveCfg = Release|Any CPU
		{B7D8416E-2187-4836-BF6B-907A0B794F9D}.Release|Any CPU.Build.0 = Release|Any CPU
		{87D98041-252C-4816-8D72-8937B75AAACB}.Debug|Any CPU.ActiveCfg = Debug|Any CPU
		{87D98041-252C-4816-8D72-8937B75AAACB}.Debug|Any CPU.Build.0 = Debug|Any CPU
		{87D98041-252C-4816-8D72-8937B75AAACB}.Release|Any CPU.ActiveCfg = Release|Any CPU
		{87D98041-252C-4816-8D72-8937B75AAACB}.Release|Any CPU.Build.0 = Release|Any CPU
		{3F055345-7277-49CA-9D74-B09B4357C58C}.Debug|Any CPU.ActiveCfg = Debug|Any CPU
		{3F055345-7277-49CA-9D74-B09B4357C58C}.Debug|Any CPU.Build.0 = Debug|Any CPU
		{3F055345-7277-49CA-9D74-B09B4357C58C}.Release|Any CPU.ActiveCfg = Release|Any CPU
		{3F055345-7277-49CA-9D74-B09B4357C58C}.Release|Any CPU.Build.0 = Release|Any CPU
		{82FB3DF2-B738-44E7-9D8B-11F531570879}.Debug|Any CPU.ActiveCfg = Debug|Any CPU
		{82FB3DF2-B738-44E7-9D8B-11F531570879}.Debug|Any CPU.Build.0 = Debug|Any CPU
		{82FB3DF2-B738-44E7-9D8B-11F531570879}.Release|Any CPU.ActiveCfg = Release|Any CPU
		{82FB3DF2-B738-44E7-9D8B-11F531570879}.Release|Any CPU.Build.0 = Release|Any CPU
		{CCEF4270-62F0-4691-B03A-421AA7ABEBD8}.Debug|Any CPU.ActiveCfg = Debug|Any CPU
		{CCEF4270-62F0-4691-B03A-421AA7ABEBD8}.Debug|Any CPU.Build.0 = Debug|Any CPU
		{CCEF4270-62F0-4691-B03A-421AA7ABEBD8}.Release|Any CPU.ActiveCfg = Release|Any CPU
		{CCEF4270-62F0-4691-B03A-421AA7ABEBD8}.Release|Any CPU.Build.0 = Release|Any CPU
		{81864CFD-D76D-4F0B-8A04-83A531467253}.Debug|Any CPU.ActiveCfg = Debug|Any CPU
		{81864CFD-D76D-4F0B-8A04-83A531467253}.Debug|Any CPU.Build.0 = Debug|Any CPU
		{81864CFD-D76D-4F0B-8A04-83A531467253}.Release|Any CPU.ActiveCfg = Release|Any CPU
		{81864CFD-D76D-4F0B-8A04-83A531467253}.Release|Any CPU.Build.0 = Release|Any CPU
		{8619C364-C94D-4A43-BB3F-D04EDAD1D4DF}.Debug|Any CPU.ActiveCfg = Debug|Any CPU
		{8619C364-C94D-4A43-BB3F-D04EDAD1D4DF}.Debug|Any CPU.Build.0 = Debug|Any CPU
		{8619C364-C94D-4A43-BB3F-D04EDAD1D4DF}.Release|Any CPU.ActiveCfg = Release|Any CPU
		{8619C364-C94D-4A43-BB3F-D04EDAD1D4DF}.Release|Any CPU.Build.0 = Release|Any CPU
		{F4CDC2E6-98F4-47CF-A19F-A9BAA4F1EA8C}.Debug|Any CPU.ActiveCfg = Debug|Any CPU
		{F4CDC2E6-98F4-47CF-A19F-A9BAA4F1EA8C}.Debug|Any CPU.Build.0 = Debug|Any CPU
		{F4CDC2E6-98F4-47CF-A19F-A9BAA4F1EA8C}.Release|Any CPU.ActiveCfg = Release|Any CPU
		{F4CDC2E6-98F4-47CF-A19F-A9BAA4F1EA8C}.Release|Any CPU.Build.0 = Release|Any CPU
		{D28DB480-A2E2-4203-BBE8-1233D05900A9}.Debug|Any CPU.ActiveCfg = Debug|Any CPU
		{D28DB480-A2E2-4203-BBE8-1233D05900A9}.Debug|Any CPU.Build.0 = Debug|Any CPU
		{D28DB480-A2E2-4203-BBE8-1233D05900A9}.Release|Any CPU.ActiveCfg = Release|Any CPU
		{D28DB480-A2E2-4203-BBE8-1233D05900A9}.Release|Any CPU.Build.0 = Release|Any CPU
		{5C533A18-FB39-4B5D-B98C-2C976D1E0E89}.Debug|Any CPU.ActiveCfg = Debug|Any CPU
		{5C533A18-FB39-4B5D-B98C-2C976D1E0E89}.Debug|Any CPU.Build.0 = Debug|Any CPU
		{5C533A18-FB39-4B5D-B98C-2C976D1E0E89}.Release|Any CPU.ActiveCfg = Release|Any CPU
		{5C533A18-FB39-4B5D-B98C-2C976D1E0E89}.Release|Any CPU.Build.0 = Release|Any CPU
		{1038DC3D-5188-4997-BE3F-441F5157445D}.Debug|Any CPU.ActiveCfg = Debug|Any CPU
		{1038DC3D-5188-4997-BE3F-441F5157445D}.Debug|Any CPU.Build.0 = Debug|Any CPU
		{1038DC3D-5188-4997-BE3F-441F5157445D}.Release|Any CPU.ActiveCfg = Release|Any CPU
		{1038DC3D-5188-4997-BE3F-441F5157445D}.Release|Any CPU.Build.0 = Release|Any CPU
		{BFCB8B4A-1FE5-4173-BCBC-8302CB75A40A}.Debug|Any CPU.ActiveCfg = Debug|Any CPU
		{BFCB8B4A-1FE5-4173-BCBC-8302CB75A40A}.Debug|Any CPU.Build.0 = Debug|Any CPU
		{BFCB8B4A-1FE5-4173-BCBC-8302CB75A40A}.Release|Any CPU.ActiveCfg = Release|Any CPU
		{BFCB8B4A-1FE5-4173-BCBC-8302CB75A40A}.Release|Any CPU.Build.0 = Release|Any CPU
		{13A7FDED-5A41-4FEE-9CD8-6F4719FA306C}.Debug|Any CPU.ActiveCfg = Debug|Any CPU
		{13A7FDED-5A41-4FEE-9CD8-6F4719FA306C}.Debug|Any CPU.Build.0 = Debug|Any CPU
		{13A7FDED-5A41-4FEE-9CD8-6F4719FA306C}.Release|Any CPU.ActiveCfg = Release|Any CPU
		{13A7FDED-5A41-4FEE-9CD8-6F4719FA306C}.Release|Any CPU.Build.0 = Release|Any CPU
		{DCDEF585-B0E6-4F70-95E9-81070A2E66C6}.Debug|Any CPU.ActiveCfg = Debug|Any CPU
		{DCDEF585-B0E6-4F70-95E9-81070A2E66C6}.Debug|Any CPU.Build.0 = Debug|Any CPU
		{DCDEF585-B0E6-4F70-95E9-81070A2E66C6}.Release|Any CPU.ActiveCfg = Release|Any CPU
		{DCDEF585-B0E6-4F70-95E9-81070A2E66C6}.Release|Any CPU.Build.0 = Release|Any CPU
		{313CFC8D-D33B-4916-8F11-BB05C4EBBE8A}.Debug|Any CPU.ActiveCfg = Debug|Any CPU
		{313CFC8D-D33B-4916-8F11-BB05C4EBBE8A}.Debug|Any CPU.Build.0 = Debug|Any CPU
		{313CFC8D-D33B-4916-8F11-BB05C4EBBE8A}.Release|Any CPU.ActiveCfg = Release|Any CPU
		{313CFC8D-D33B-4916-8F11-BB05C4EBBE8A}.Release|Any CPU.Build.0 = Release|Any CPU
		{4A4AA23B-B33A-43C1-96F4-B04389DA0BB4}.Debug|Any CPU.ActiveCfg = Debug|Any CPU
		{4A4AA23B-B33A-43C1-96F4-B04389DA0BB4}.Debug|Any CPU.Build.0 = Debug|Any CPU
		{4A4AA23B-B33A-43C1-96F4-B04389DA0BB4}.Release|Any CPU.ActiveCfg = Release|Any CPU
		{4A4AA23B-B33A-43C1-96F4-B04389DA0BB4}.Release|Any CPU.Build.0 = Release|Any CPU
		{B23E747E-857A-4CBB-BBE1-DE7988E2CCB9}.Debug|Any CPU.ActiveCfg = Debug|Any CPU
		{B23E747E-857A-4CBB-BBE1-DE7988E2CCB9}.Debug|Any CPU.Build.0 = Debug|Any CPU
		{B23E747E-857A-4CBB-BBE1-DE7988E2CCB9}.Release|Any CPU.ActiveCfg = Release|Any CPU
		{B23E747E-857A-4CBB-BBE1-DE7988E2CCB9}.Release|Any CPU.Build.0 = Release|Any CPU
		{60C3250C-FF4F-45A3-9FA1-3847856F4B91}.Debug|Any CPU.ActiveCfg = Debug|Any CPU
		{60C3250C-FF4F-45A3-9FA1-3847856F4B91}.Debug|Any CPU.Build.0 = Debug|Any CPU
		{60C3250C-FF4F-45A3-9FA1-3847856F4B91}.Release|Any CPU.ActiveCfg = Release|Any CPU
		{60C3250C-FF4F-45A3-9FA1-3847856F4B91}.Release|Any CPU.Build.0 = Release|Any CPU
		{1566FAA3-9718-4281-9D75-7080CB99F3DD}.Debug|Any CPU.ActiveCfg = Debug|Any CPU
		{1566FAA3-9718-4281-9D75-7080CB99F3DD}.Debug|Any CPU.Build.0 = Debug|Any CPU
		{1566FAA3-9718-4281-9D75-7080CB99F3DD}.Release|Any CPU.ActiveCfg = Release|Any CPU
		{1566FAA3-9718-4281-9D75-7080CB99F3DD}.Release|Any CPU.Build.0 = Release|Any CPU
		{0E364A8F-E9B6-4E09-B79E-E4B3A3178012}.Debug|Any CPU.ActiveCfg = Debug|Any CPU
		{0E364A8F-E9B6-4E09-B79E-E4B3A3178012}.Debug|Any CPU.Build.0 = Debug|Any CPU
		{0E364A8F-E9B6-4E09-B79E-E4B3A3178012}.Release|Any CPU.ActiveCfg = Release|Any CPU
		{0E364A8F-E9B6-4E09-B79E-E4B3A3178012}.Release|Any CPU.Build.0 = Release|Any CPU
		{4DF162BE-54DB-49EB-8070-05B062DF2F0D}.Debug|Any CPU.ActiveCfg = Debug|Any CPU
		{4DF162BE-54DB-49EB-8070-05B062DF2F0D}.Debug|Any CPU.Build.0 = Debug|Any CPU
		{4DF162BE-54DB-49EB-8070-05B062DF2F0D}.Release|Any CPU.ActiveCfg = Release|Any CPU
		{4DF162BE-54DB-49EB-8070-05B062DF2F0D}.Release|Any CPU.Build.0 = Release|Any CPU
		{73751CCD-3057-488D-8B38-1525F4C6FF9F}.Debug|Any CPU.ActiveCfg = Debug|Any CPU
		{73751CCD-3057-488D-8B38-1525F4C6FF9F}.Debug|Any CPU.Build.0 = Debug|Any CPU
		{73751CCD-3057-488D-8B38-1525F4C6FF9F}.Release|Any CPU.ActiveCfg = Release|Any CPU
		{73751CCD-3057-488D-8B38-1525F4C6FF9F}.Release|Any CPU.Build.0 = Release|Any CPU
		{C2845BD3-D63E-42C9-A75F-E84B258CD9B5}.Debug|Any CPU.ActiveCfg = Debug|Any CPU
		{C2845BD3-D63E-42C9-A75F-E84B258CD9B5}.Debug|Any CPU.Build.0 = Debug|Any CPU
		{C2845BD3-D63E-42C9-A75F-E84B258CD9B5}.Release|Any CPU.ActiveCfg = Release|Any CPU
		{C2845BD3-D63E-42C9-A75F-E84B258CD9B5}.Release|Any CPU.Build.0 = Release|Any CPU
		{10BABE8F-4EAD-42C9-AF1B-FEE4C129F461}.Debug|Any CPU.ActiveCfg = Debug|Any CPU
		{10BABE8F-4EAD-42C9-AF1B-FEE4C129F461}.Debug|Any CPU.Build.0 = Debug|Any CPU
		{10BABE8F-4EAD-42C9-AF1B-FEE4C129F461}.Release|Any CPU.ActiveCfg = Release|Any CPU
		{10BABE8F-4EAD-42C9-AF1B-FEE4C129F461}.Release|Any CPU.Build.0 = Release|Any CPU
		{441058B0-9E57-41C4-82AE-3B808BE1832F}.Debug|Any CPU.ActiveCfg = Debug|Any CPU
		{441058B0-9E57-41C4-82AE-3B808BE1832F}.Debug|Any CPU.Build.0 = Debug|Any CPU
		{441058B0-9E57-41C4-82AE-3B808BE1832F}.Release|Any CPU.ActiveCfg = Release|Any CPU
		{441058B0-9E57-41C4-82AE-3B808BE1832F}.Release|Any CPU.Build.0 = Release|Any CPU
		{5CA5F301-293C-4206-8653-883AE4971CB3}.Debug|Any CPU.ActiveCfg = Debug|Any CPU
		{5CA5F301-293C-4206-8653-883AE4971CB3}.Debug|Any CPU.Build.0 = Debug|Any CPU
		{5CA5F301-293C-4206-8653-883AE4971CB3}.Release|Any CPU.ActiveCfg = Release|Any CPU
		{5CA5F301-293C-4206-8653-883AE4971CB3}.Release|Any CPU.Build.0 = Release|Any CPU
		{73136A05-B7A9-4257-9C41-E4368A18E1C0}.Debug|Any CPU.ActiveCfg = Debug|Any CPU
		{73136A05-B7A9-4257-9C41-E4368A18E1C0}.Debug|Any CPU.Build.0 = Debug|Any CPU
		{73136A05-B7A9-4257-9C41-E4368A18E1C0}.Release|Any CPU.ActiveCfg = Release|Any CPU
		{73136A05-B7A9-4257-9C41-E4368A18E1C0}.Release|Any CPU.Build.0 = Release|Any CPU
		{1819EA7C-CB74-423F-B6F5-A3412D59D44E}.Debug|Any CPU.ActiveCfg = Debug|Any CPU
		{1819EA7C-CB74-423F-B6F5-A3412D59D44E}.Debug|Any CPU.Build.0 = Debug|Any CPU
		{1819EA7C-CB74-423F-B6F5-A3412D59D44E}.Release|Any CPU.ActiveCfg = Release|Any CPU
		{1819EA7C-CB74-423F-B6F5-A3412D59D44E}.Release|Any CPU.Build.0 = Release|Any CPU
		{90E38273-7A46-4ADE-A55E-AFA0017722B3}.Debug|Any CPU.ActiveCfg = Debug|Any CPU
		{90E38273-7A46-4ADE-A55E-AFA0017722B3}.Debug|Any CPU.Build.0 = Debug|Any CPU
		{90E38273-7A46-4ADE-A55E-AFA0017722B3}.Release|Any CPU.ActiveCfg = Release|Any CPU
		{90E38273-7A46-4ADE-A55E-AFA0017722B3}.Release|Any CPU.Build.0 = Release|Any CPU
		{4F05EA35-DD7C-4377-BB51-0B4835FD4C35}.Debug|Any CPU.ActiveCfg = Debug|Any CPU
		{4F05EA35-DD7C-4377-BB51-0B4835FD4C35}.Debug|Any CPU.Build.0 = Debug|Any CPU
		{4F05EA35-DD7C-4377-BB51-0B4835FD4C35}.Release|Any CPU.ActiveCfg = Release|Any CPU
		{4F05EA35-DD7C-4377-BB51-0B4835FD4C35}.Release|Any CPU.Build.0 = Release|Any CPU
		{7BCB9135-CB34-456D-93C7-AC3243B06EA5}.Debug|Any CPU.ActiveCfg = Debug|Any CPU
		{7BCB9135-CB34-456D-93C7-AC3243B06EA5}.Debug|Any CPU.Build.0 = Debug|Any CPU
		{7BCB9135-CB34-456D-93C7-AC3243B06EA5}.Release|Any CPU.ActiveCfg = Release|Any CPU
		{7BCB9135-CB34-456D-93C7-AC3243B06EA5}.Release|Any CPU.Build.0 = Release|Any CPU
		{5F3FC4F7-907A-43B4-BD38-CAD202A8D4EC}.Debug|Any CPU.ActiveCfg = Debug|Any CPU
		{5F3FC4F7-907A-43B4-BD38-CAD202A8D4EC}.Debug|Any CPU.Build.0 = Debug|Any CPU
		{5F3FC4F7-907A-43B4-BD38-CAD202A8D4EC}.Release|Any CPU.ActiveCfg = Release|Any CPU
		{5F3FC4F7-907A-43B4-BD38-CAD202A8D4EC}.Release|Any CPU.Build.0 = Release|Any CPU
		{7CB405E2-F61F-4567-B8F7-1080C1B2A544}.Debug|Any CPU.ActiveCfg = Debug|Any CPU
		{7CB405E2-F61F-4567-B8F7-1080C1B2A544}.Debug|Any CPU.Build.0 = Debug|Any CPU
		{7CB405E2-F61F-4567-B8F7-1080C1B2A544}.Release|Any CPU.ActiveCfg = Release|Any CPU
		{7CB405E2-F61F-4567-B8F7-1080C1B2A544}.Release|Any CPU.Build.0 = Release|Any CPU
		{25E42E6A-DDD5-4ECE-917C-74E6F45AE06A}.Debug|Any CPU.ActiveCfg = Debug|Any CPU
		{25E42E6A-DDD5-4ECE-917C-74E6F45AE06A}.Debug|Any CPU.Build.0 = Debug|Any CPU
		{25E42E6A-DDD5-4ECE-917C-74E6F45AE06A}.Release|Any CPU.ActiveCfg = Release|Any CPU
		{25E42E6A-DDD5-4ECE-917C-74E6F45AE06A}.Release|Any CPU.Build.0 = Release|Any CPU
		{5B4592DB-789A-4138-A35A-01077C2E00A2}.Debug|Any CPU.ActiveCfg = Debug|Any CPU
		{5B4592DB-789A-4138-A35A-01077C2E00A2}.Debug|Any CPU.Build.0 = Debug|Any CPU
		{5B4592DB-789A-4138-A35A-01077C2E00A2}.Release|Any CPU.ActiveCfg = Release|Any CPU
		{5B4592DB-789A-4138-A35A-01077C2E00A2}.Release|Any CPU.Build.0 = Release|Any CPU
		{7F8DC052-66B8-4025-8296-F66ABC482DAE}.Debug|Any CPU.ActiveCfg = Debug|Any CPU
		{7F8DC052-66B8-4025-8296-F66ABC482DAE}.Debug|Any CPU.Build.0 = Debug|Any CPU
		{7F8DC052-66B8-4025-8296-F66ABC482DAE}.Release|Any CPU.ActiveCfg = Release|Any CPU
		{7F8DC052-66B8-4025-8296-F66ABC482DAE}.Release|Any CPU.Build.0 = Release|Any CPU
		{47A13C98-4E20-46F6-94F3-1DF24E510D62}.Debug|Any CPU.ActiveCfg = Debug|Any CPU
		{47A13C98-4E20-46F6-94F3-1DF24E510D62}.Debug|Any CPU.Build.0 = Debug|Any CPU
		{47A13C98-4E20-46F6-94F3-1DF24E510D62}.Release|Any CPU.ActiveCfg = Release|Any CPU
		{47A13C98-4E20-46F6-94F3-1DF24E510D62}.Release|Any CPU.Build.0 = Release|Any CPU
		{523D6691-7D73-4AEE-AD68-F7E1EF202BD0}.Debug|Any CPU.ActiveCfg = Debug|Any CPU
		{523D6691-7D73-4AEE-AD68-F7E1EF202BD0}.Debug|Any CPU.Build.0 = Debug|Any CPU
		{523D6691-7D73-4AEE-AD68-F7E1EF202BD0}.Release|Any CPU.ActiveCfg = Release|Any CPU
		{523D6691-7D73-4AEE-AD68-F7E1EF202BD0}.Release|Any CPU.Build.0 = Release|Any CPU
		{3BC318C5-3076-4069-9B0E-C003A67FC94C}.Debug|Any CPU.ActiveCfg = Debug|Any CPU
		{3BC318C5-3076-4069-9B0E-C003A67FC94C}.Debug|Any CPU.Build.0 = Debug|Any CPU
		{3BC318C5-3076-4069-9B0E-C003A67FC94C}.Release|Any CPU.ActiveCfg = Release|Any CPU
		{3BC318C5-3076-4069-9B0E-C003A67FC94C}.Release|Any CPU.Build.0 = Release|Any CPU
		{F19589CE-2105-4B2F-8A82-BBBB4C95CF8D}.Debug|Any CPU.ActiveCfg = Debug|Any CPU
		{F19589CE-2105-4B2F-8A82-BBBB4C95CF8D}.Debug|Any CPU.Build.0 = Debug|Any CPU
		{F19589CE-2105-4B2F-8A82-BBBB4C95CF8D}.Release|Any CPU.ActiveCfg = Release|Any CPU
		{F19589CE-2105-4B2F-8A82-BBBB4C95CF8D}.Release|Any CPU.Build.0 = Release|Any CPU
		{3816A805-17F1-4E12-860C-EF8958C16D66}.Debug|Any CPU.ActiveCfg = Debug|Any CPU
		{3816A805-17F1-4E12-860C-EF8958C16D66}.Debug|Any CPU.Build.0 = Debug|Any CPU
		{3816A805-17F1-4E12-860C-EF8958C16D66}.Release|Any CPU.ActiveCfg = Release|Any CPU
		{3816A805-17F1-4E12-860C-EF8958C16D66}.Release|Any CPU.Build.0 = Release|Any CPU
		{D60DC375-5ABC-4043-9F8B-9EC0B9586F01}.Debug|Any CPU.ActiveCfg = Debug|Any CPU
		{D60DC375-5ABC-4043-9F8B-9EC0B9586F01}.Debug|Any CPU.Build.0 = Debug|Any CPU
		{D60DC375-5ABC-4043-9F8B-9EC0B9586F01}.Release|Any CPU.ActiveCfg = Release|Any CPU
		{D60DC375-5ABC-4043-9F8B-9EC0B9586F01}.Release|Any CPU.Build.0 = Release|Any CPU
		{08E5BDD4-52CF-4C89-9097-B0B3E3BA930E}.Debug|Any CPU.ActiveCfg = Debug|Any CPU
		{08E5BDD4-52CF-4C89-9097-B0B3E3BA930E}.Debug|Any CPU.Build.0 = Debug|Any CPU
		{08E5BDD4-52CF-4C89-9097-B0B3E3BA930E}.Release|Any CPU.ActiveCfg = Release|Any CPU
		{08E5BDD4-52CF-4C89-9097-B0B3E3BA930E}.Release|Any CPU.Build.0 = Release|Any CPU
		{06AD960D-58A8-447C-BDC0-3DDA25333322}.Debug|Any CPU.ActiveCfg = Debug|Any CPU
		{06AD960D-58A8-447C-BDC0-3DDA25333322}.Debug|Any CPU.Build.0 = Debug|Any CPU
		{06AD960D-58A8-447C-BDC0-3DDA25333322}.Release|Any CPU.ActiveCfg = Release|Any CPU
		{06AD960D-58A8-447C-BDC0-3DDA25333322}.Release|Any CPU.Build.0 = Release|Any CPU
		{F2BD752E-80B6-40A7-BB9A-E0E271B8471A}.Debug|Any CPU.ActiveCfg = Debug|Any CPU
		{F2BD752E-80B6-40A7-BB9A-E0E271B8471A}.Debug|Any CPU.Build.0 = Debug|Any CPU
		{F2BD752E-80B6-40A7-BB9A-E0E271B8471A}.Release|Any CPU.ActiveCfg = Release|Any CPU
		{F2BD752E-80B6-40A7-BB9A-E0E271B8471A}.Release|Any CPU.Build.0 = Release|Any CPU
		{041BFB18-32ED-40CE-93A0-BE987AE39CE9}.Debug|Any CPU.ActiveCfg = Debug|Any CPU
		{041BFB18-32ED-40CE-93A0-BE987AE39CE9}.Debug|Any CPU.Build.0 = Debug|Any CPU
		{041BFB18-32ED-40CE-93A0-BE987AE39CE9}.Release|Any CPU.ActiveCfg = Release|Any CPU
		{041BFB18-32ED-40CE-93A0-BE987AE39CE9}.Release|Any CPU.Build.0 = Release|Any CPU
		{9D43C9F4-AD8C-414F-90D7-A3ACAEE70C59}.Debug|Any CPU.ActiveCfg = Debug|Any CPU
		{9D43C9F4-AD8C-414F-90D7-A3ACAEE70C59}.Debug|Any CPU.Build.0 = Debug|Any CPU
		{9D43C9F4-AD8C-414F-90D7-A3ACAEE70C59}.Release|Any CPU.ActiveCfg = Release|Any CPU
		{9D43C9F4-AD8C-414F-90D7-A3ACAEE70C59}.Release|Any CPU.Build.0 = Release|Any CPU
		{3C15F2C3-FCCE-447B-94E7-6E0C54F112B6}.Debug|Any CPU.ActiveCfg = Debug|Any CPU
		{3C15F2C3-FCCE-447B-94E7-6E0C54F112B6}.Debug|Any CPU.Build.0 = Debug|Any CPU
		{3C15F2C3-FCCE-447B-94E7-6E0C54F112B6}.Release|Any CPU.ActiveCfg = Release|Any CPU
		{3C15F2C3-FCCE-447B-94E7-6E0C54F112B6}.Release|Any CPU.Build.0 = Release|Any CPU
		{0E6F510C-5E90-4C00-9F6F-9F5C1F425951}.Debug|Any CPU.ActiveCfg = Debug|Any CPU
		{0E6F510C-5E90-4C00-9F6F-9F5C1F425951}.Debug|Any CPU.Build.0 = Debug|Any CPU
		{0E6F510C-5E90-4C00-9F6F-9F5C1F425951}.Release|Any CPU.ActiveCfg = Release|Any CPU
		{0E6F510C-5E90-4C00-9F6F-9F5C1F425951}.Release|Any CPU.Build.0 = Release|Any CPU
		{89CB075D-485E-4DBB-B54D-D66DB1089CBB}.Debug|Any CPU.ActiveCfg = Debug|Any CPU
		{89CB075D-485E-4DBB-B54D-D66DB1089CBB}.Debug|Any CPU.Build.0 = Debug|Any CPU
		{89CB075D-485E-4DBB-B54D-D66DB1089CBB}.Release|Any CPU.ActiveCfg = Release|Any CPU
		{89CB075D-485E-4DBB-B54D-D66DB1089CBB}.Release|Any CPU.Build.0 = Release|Any CPU
		{CCCBF372-0C3E-43A8-A592-AC106900259E}.Debug|Any CPU.ActiveCfg = Debug|Any CPU
		{CCCBF372-0C3E-43A8-A592-AC106900259E}.Debug|Any CPU.Build.0 = Debug|Any CPU
		{CCCBF372-0C3E-43A8-A592-AC106900259E}.Release|Any CPU.ActiveCfg = Release|Any CPU
		{CCCBF372-0C3E-43A8-A592-AC106900259E}.Release|Any CPU.Build.0 = Release|Any CPU
		{DBABE1B7-4B73-47D8-93DF-9871BF792A0D}.Debug|Any CPU.ActiveCfg = Debug|Any CPU
		{DBABE1B7-4B73-47D8-93DF-9871BF792A0D}.Debug|Any CPU.Build.0 = Debug|Any CPU
		{DBABE1B7-4B73-47D8-93DF-9871BF792A0D}.Release|Any CPU.ActiveCfg = Release|Any CPU
		{DBABE1B7-4B73-47D8-93DF-9871BF792A0D}.Release|Any CPU.Build.0 = Release|Any CPU
		{01C51CA4-3FAD-462E-B4EB-D26A77C59F3E}.Debug|Any CPU.ActiveCfg = Debug|Any CPU
		{01C51CA4-3FAD-462E-B4EB-D26A77C59F3E}.Debug|Any CPU.Build.0 = Debug|Any CPU
		{01C51CA4-3FAD-462E-B4EB-D26A77C59F3E}.Release|Any CPU.ActiveCfg = Release|Any CPU
		{01C51CA4-3FAD-462E-B4EB-D26A77C59F3E}.Release|Any CPU.Build.0 = Release|Any CPU
		{547A89F7-215F-4098-BC63-902E1B355029}.Debug|Any CPU.ActiveCfg = Debug|Any CPU
		{547A89F7-215F-4098-BC63-902E1B355029}.Debug|Any CPU.Build.0 = Debug|Any CPU
		{547A89F7-215F-4098-BC63-902E1B355029}.Release|Any CPU.ActiveCfg = Release|Any CPU
		{547A89F7-215F-4098-BC63-902E1B355029}.Release|Any CPU.Build.0 = Release|Any CPU
		{3136D8E7-FA25-4288-B8F0-365E1212DAFB}.Debug|Any CPU.ActiveCfg = Debug|Any CPU
		{3136D8E7-FA25-4288-B8F0-365E1212DAFB}.Debug|Any CPU.Build.0 = Debug|Any CPU
		{3136D8E7-FA25-4288-B8F0-365E1212DAFB}.Release|Any CPU.ActiveCfg = Release|Any CPU
		{3136D8E7-FA25-4288-B8F0-365E1212DAFB}.Release|Any CPU.Build.0 = Release|Any CPU
		{71091BA6-A5D4-43A7-9B83-D140BBE99EE2}.Debug|Any CPU.ActiveCfg = Debug|Any CPU
		{71091BA6-A5D4-43A7-9B83-D140BBE99EE2}.Debug|Any CPU.Build.0 = Debug|Any CPU
		{71091BA6-A5D4-43A7-9B83-D140BBE99EE2}.Release|Any CPU.ActiveCfg = Release|Any CPU
		{71091BA6-A5D4-43A7-9B83-D140BBE99EE2}.Release|Any CPU.Build.0 = Release|Any CPU
		{5C216E1A-3583-44FF-A256-DA56D4D1B74B}.Debug|Any CPU.ActiveCfg = Debug|Any CPU
		{5C216E1A-3583-44FF-A256-DA56D4D1B74B}.Debug|Any CPU.Build.0 = Debug|Any CPU
		{5C216E1A-3583-44FF-A256-DA56D4D1B74B}.Release|Any CPU.ActiveCfg = Release|Any CPU
		{5C216E1A-3583-44FF-A256-DA56D4D1B74B}.Release|Any CPU.Build.0 = Release|Any CPU
		{AA5C8E65-C10F-48A7-8786-B09B3B4A0CBB}.Debug|Any CPU.ActiveCfg = Debug|Any CPU
		{AA5C8E65-C10F-48A7-8786-B09B3B4A0CBB}.Debug|Any CPU.Build.0 = Debug|Any CPU
		{AA5C8E65-C10F-48A7-8786-B09B3B4A0CBB}.Release|Any CPU.ActiveCfg = Release|Any CPU
		{AA5C8E65-C10F-48A7-8786-B09B3B4A0CBB}.Release|Any CPU.Build.0 = Release|Any CPU
		{8C617A01-D37A-4850-B0EA-457E07AD6EFA}.Debug|Any CPU.ActiveCfg = Debug|Any CPU
		{8C617A01-D37A-4850-B0EA-457E07AD6EFA}.Debug|Any CPU.Build.0 = Debug|Any CPU
		{8C617A01-D37A-4850-B0EA-457E07AD6EFA}.Release|Any CPU.ActiveCfg = Release|Any CPU
		{8C617A01-D37A-4850-B0EA-457E07AD6EFA}.Release|Any CPU.Build.0 = Release|Any CPU
		{2FE17342-100C-40FC-8B13-7E0A93D2A5A2}.Debug|Any CPU.ActiveCfg = Debug|Any CPU
		{2FE17342-100C-40FC-8B13-7E0A93D2A5A2}.Debug|Any CPU.Build.0 = Debug|Any CPU
		{2FE17342-100C-40FC-8B13-7E0A93D2A5A2}.Release|Any CPU.ActiveCfg = Release|Any CPU
		{2FE17342-100C-40FC-8B13-7E0A93D2A5A2}.Release|Any CPU.Build.0 = Release|Any CPU
		{66288A88-40B1-47AE-9042-93BE2F800355}.Debug|Any CPU.ActiveCfg = Debug|Any CPU
		{66288A88-40B1-47AE-9042-93BE2F800355}.Debug|Any CPU.Build.0 = Debug|Any CPU
		{66288A88-40B1-47AE-9042-93BE2F800355}.Release|Any CPU.ActiveCfg = Release|Any CPU
		{66288A88-40B1-47AE-9042-93BE2F800355}.Release|Any CPU.Build.0 = Release|Any CPU
		{4DD6544D-CD03-489B-8AA1-D01DBE7F3E0A}.Debug|Any CPU.ActiveCfg = Debug|Any CPU
		{4DD6544D-CD03-489B-8AA1-D01DBE7F3E0A}.Debug|Any CPU.Build.0 = Debug|Any CPU
		{4DD6544D-CD03-489B-8AA1-D01DBE7F3E0A}.Release|Any CPU.ActiveCfg = Release|Any CPU
		{4DD6544D-CD03-489B-8AA1-D01DBE7F3E0A}.Release|Any CPU.Build.0 = Release|Any CPU
		{23FEDE9F-26FE-40B6-AD2B-C582588BF32E}.Debug|Any CPU.ActiveCfg = Debug|Any CPU
		{23FEDE9F-26FE-40B6-AD2B-C582588BF32E}.Debug|Any CPU.Build.0 = Debug|Any CPU
		{23FEDE9F-26FE-40B6-AD2B-C582588BF32E}.Release|Any CPU.ActiveCfg = Release|Any CPU
		{23FEDE9F-26FE-40B6-AD2B-C582588BF32E}.Release|Any CPU.Build.0 = Release|Any CPU
		{D20C35DD-341E-4D7A-8549-7ED160B00B63}.Debug|Any CPU.ActiveCfg = Debug|Any CPU
		{D20C35DD-341E-4D7A-8549-7ED160B00B63}.Debug|Any CPU.Build.0 = Debug|Any CPU
		{D20C35DD-341E-4D7A-8549-7ED160B00B63}.Release|Any CPU.ActiveCfg = Release|Any CPU
		{D20C35DD-341E-4D7A-8549-7ED160B00B63}.Release|Any CPU.Build.0 = Release|Any CPU
		{2C70875F-DB77-4D6B-AB7C-698A7649DFA8}.Debug|Any CPU.ActiveCfg = Debug|Any CPU
		{2C70875F-DB77-4D6B-AB7C-698A7649DFA8}.Debug|Any CPU.Build.0 = Debug|Any CPU
		{2C70875F-DB77-4D6B-AB7C-698A7649DFA8}.Release|Any CPU.ActiveCfg = Release|Any CPU
		{2C70875F-DB77-4D6B-AB7C-698A7649DFA8}.Release|Any CPU.Build.0 = Release|Any CPU
		{E71066AE-C3FA-479F-855E-7E686D424E5B}.Debug|Any CPU.ActiveCfg = Debug|Any CPU
		{E71066AE-C3FA-479F-855E-7E686D424E5B}.Debug|Any CPU.Build.0 = Debug|Any CPU
		{E71066AE-C3FA-479F-855E-7E686D424E5B}.Release|Any CPU.ActiveCfg = Release|Any CPU
		{E71066AE-C3FA-479F-855E-7E686D424E5B}.Release|Any CPU.Build.0 = Release|Any CPU
		{F225B9DA-D230-48AA-8200-FEB2CCC2C645}.Debug|Any CPU.ActiveCfg = Debug|Any CPU
		{F225B9DA-D230-48AA-8200-FEB2CCC2C645}.Debug|Any CPU.Build.0 = Debug|Any CPU
		{F225B9DA-D230-48AA-8200-FEB2CCC2C645}.Release|Any CPU.ActiveCfg = Release|Any CPU
		{F225B9DA-D230-48AA-8200-FEB2CCC2C645}.Release|Any CPU.Build.0 = Release|Any CPU
		{6C75F83F-45ED-4D5B-B850-A39DF573A1FD}.Debug|Any CPU.ActiveCfg = Debug|Any CPU
		{6C75F83F-45ED-4D5B-B850-A39DF573A1FD}.Debug|Any CPU.Build.0 = Debug|Any CPU
		{6C75F83F-45ED-4D5B-B850-A39DF573A1FD}.Release|Any CPU.ActiveCfg = Release|Any CPU
		{6C75F83F-45ED-4D5B-B850-A39DF573A1FD}.Release|Any CPU.Build.0 = Release|Any CPU
	EndGlobalSection
	GlobalSection(SolutionProperties) = preSolution
		HideSolutionNode = FALSE
	EndGlobalSection
	GlobalSection(NestedProjects) = preSolution
		{33A3B8D4-6574-4E71-82F0-37AD45DD2BF3} = {BCE68949-0256-4EC0-907E-87B34F2A037D}
		{39E37D91-F7B7-4669-9A3D-06F80DB83687} = {BCE68949-0256-4EC0-907E-87B34F2A037D}
		{DE2D5B22-4275-416E-8F06-4E8C206FB49A} = {B76CC35F-D14D-4645-ABC6-78ACDC5D6649}
		{AAE99CB6-04E4-4B88-9AF5-20ABBA1F1B0B} = {8DEF9C7E-2A6B-4C6F-83D1-633A43781F1A}
		{B7D8416E-2187-4836-BF6B-907A0B794F9D} = {8DEF9C7E-2A6B-4C6F-83D1-633A43781F1A}
		{87D98041-252C-4816-8D72-8937B75AAACB} = {8DEF9C7E-2A6B-4C6F-83D1-633A43781F1A}
		{3F055345-7277-49CA-9D74-B09B4357C58C} = {8DEF9C7E-2A6B-4C6F-83D1-633A43781F1A}
		{82FB3DF2-B738-44E7-9D8B-11F531570879} = {BCE68949-0256-4EC0-907E-87B34F2A037D}
		{CCEF4270-62F0-4691-B03A-421AA7ABEBD8} = {BCE68949-0256-4EC0-907E-87B34F2A037D}
		{81864CFD-D76D-4F0B-8A04-83A531467253} = {BCE68949-0256-4EC0-907E-87B34F2A037D}
		{8619C364-C94D-4A43-BB3F-D04EDAD1D4DF} = {BCE68949-0256-4EC0-907E-87B34F2A037D}
		{F4CDC2E6-98F4-47CF-A19F-A9BAA4F1EA8C} = {BCE68949-0256-4EC0-907E-87B34F2A037D}
		{D28DB480-A2E2-4203-BBE8-1233D05900A9} = {BCE68949-0256-4EC0-907E-87B34F2A037D}
		{5C533A18-FB39-4B5D-B98C-2C976D1E0E89} = {3EA4C87C-E4C7-4149-BCE6-1FC95E8D8036}
		{1038DC3D-5188-4997-BE3F-441F5157445D} = {3EA4C87C-E4C7-4149-BCE6-1FC95E8D8036}
		{BFCB8B4A-1FE5-4173-BCBC-8302CB75A40A} = {3EA4C87C-E4C7-4149-BCE6-1FC95E8D8036}
		{F1AC00AC-A479-4735-9B6C-C7EB89EF4CFB} = {3EA4C87C-E4C7-4149-BCE6-1FC95E8D8036}
		{361F53B0-F7DA-42E0-A637-0A547FD73BE8} = {B25CD403-4384-41A0-ABA7-43CC7D04DEE7}
		{13A7FDED-5A41-4FEE-9CD8-6F4719FA306C} = {B76CC35F-D14D-4645-ABC6-78ACDC5D6649}
		{DCDEF585-B0E6-4F70-95E9-81070A2E66C6} = {B76CC35F-D14D-4645-ABC6-78ACDC5D6649}
		{313CFC8D-D33B-4916-8F11-BB05C4EBBE8A} = {B76CC35F-D14D-4645-ABC6-78ACDC5D6649}
		{4A4AA23B-B33A-43C1-96F4-B04389DA0BB4} = {B76CC35F-D14D-4645-ABC6-78ACDC5D6649}
		{B23E747E-857A-4CBB-BBE1-DE7988E2CCB9} = {B76CC35F-D14D-4645-ABC6-78ACDC5D6649}
		{60C3250C-FF4F-45A3-9FA1-3847856F4B91} = {B76CC35F-D14D-4645-ABC6-78ACDC5D6649}
		{1566FAA3-9718-4281-9D75-7080CB99F3DD} = {B76CC35F-D14D-4645-ABC6-78ACDC5D6649}
		{0E364A8F-E9B6-4E09-B79E-E4B3A3178012} = {B76CC35F-D14D-4645-ABC6-78ACDC5D6649}
		{4DF162BE-54DB-49EB-8070-05B062DF2F0D} = {B25CD403-4384-41A0-ABA7-43CC7D04DEE7}
		{73751CCD-3057-488D-8B38-1525F4C6FF9F} = {B25CD403-4384-41A0-ABA7-43CC7D04DEE7}
		{C2845BD3-D63E-42C9-A75F-E84B258CD9B5} = {B25CD403-4384-41A0-ABA7-43CC7D04DEE7}
		{10BABE8F-4EAD-42C9-AF1B-FEE4C129F461} = {B25CD403-4384-41A0-ABA7-43CC7D04DEE7}
		{441058B0-9E57-41C4-82AE-3B808BE1832F} = {700639AA-72D7-4015-8B2C-6EA4DAA0FD54}
		{5CA5F301-293C-4206-8653-883AE4971CB3} = {700639AA-72D7-4015-8B2C-6EA4DAA0FD54}
		{73136A05-B7A9-4257-9C41-E4368A18E1C0} = {700639AA-72D7-4015-8B2C-6EA4DAA0FD54}
		{1819EA7C-CB74-423F-B6F5-A3412D59D44E} = {700639AA-72D7-4015-8B2C-6EA4DAA0FD54}
		{90E38273-7A46-4ADE-A55E-AFA0017722B3} = {700639AA-72D7-4015-8B2C-6EA4DAA0FD54}
		{DFAE0DC3-3081-44A7-ABA6-481639D0382A} = {700639AA-72D7-4015-8B2C-6EA4DAA0FD54}
		{4F05EA35-DD7C-4377-BB51-0B4835FD4C35} = {8DEF9C7E-2A6B-4C6F-83D1-633A43781F1A}
		{F9374AB9-72AD-4209-B4C2-B3EDAC7B6C2D} = {39E37D91-F7B7-4669-9A3D-06F80DB83687}
		{7BCB9135-CB34-456D-93C7-AC3243B06EA5} = {F9374AB9-72AD-4209-B4C2-B3EDAC7B6C2D}
		{636356C9-AEC2-4C25-B050-6BE91A211621} = {39E37D91-F7B7-4669-9A3D-06F80DB83687}
		{5F3FC4F7-907A-43B4-BD38-CAD202A8D4EC} = {636356C9-AEC2-4C25-B050-6BE91A211621}
		{7CB405E2-F61F-4567-B8F7-1080C1B2A544} = {DE2D5B22-4275-416E-8F06-4E8C206FB49A}
		{25E42E6A-DDD5-4ECE-917C-74E6F45AE06A} = {DE2D5B22-4275-416E-8F06-4E8C206FB49A}
		{5B4592DB-789A-4138-A35A-01077C2E00A2} = {0036609B-7729-41DA-973D-80C6902BA84D}
		{7F8DC052-66B8-4025-8296-F66ABC482DAE} = {0036609B-7729-41DA-973D-80C6902BA84D}
		{47A13C98-4E20-46F6-94F3-1DF24E510D62} = {0036609B-7729-41DA-973D-80C6902BA84D}
		{523D6691-7D73-4AEE-AD68-F7E1EF202BD0} = {0036609B-7729-41DA-973D-80C6902BA84D}
		{3BC318C5-3076-4069-9B0E-C003A67FC94C} = {0036609B-7729-41DA-973D-80C6902BA84D}
		{F19589CE-2105-4B2F-8A82-BBBB4C95CF8D} = {0036609B-7729-41DA-973D-80C6902BA84D}
		{3816A805-17F1-4E12-860C-EF8958C16D66} = {0036609B-7729-41DA-973D-80C6902BA84D}
		{D60DC375-5ABC-4043-9F8B-9EC0B9586F01} = {0036609B-7729-41DA-973D-80C6902BA84D}
		{08E5BDD4-52CF-4C89-9097-B0B3E3BA930E} = {0036609B-7729-41DA-973D-80C6902BA84D}
		{06AD960D-58A8-447C-BDC0-3DDA25333322} = {0036609B-7729-41DA-973D-80C6902BA84D}
		{F2BD752E-80B6-40A7-BB9A-E0E271B8471A} = {0036609B-7729-41DA-973D-80C6902BA84D}
		{041BFB18-32ED-40CE-93A0-BE987AE39CE9} = {0036609B-7729-41DA-973D-80C6902BA84D}
		{9D43C9F4-AD8C-414F-90D7-A3ACAEE70C59} = {0036609B-7729-41DA-973D-80C6902BA84D}
		{4D05E57A-716E-43E0-83DF-9623F509464C} = {AAE99CB6-04E4-4B88-9AF5-20ABBA1F1B0B}
		{0036609B-7729-41DA-973D-80C6902BA84D} = {39E37D91-F7B7-4669-9A3D-06F80DB83687}
		{3C15F2C3-FCCE-447B-94E7-6E0C54F112B6} = {AAE99CB6-04E4-4B88-9AF5-20ABBA1F1B0B}
		{0E6F510C-5E90-4C00-9F6F-9F5C1F425951} = {DE2D5B22-4275-416E-8F06-4E8C206FB49A}
		{89CB075D-485E-4DBB-B54D-D66DB1089CBB} = {4D05E57A-716E-43E0-83DF-9623F509464C}
		{CCCBF372-0C3E-43A8-A592-AC106900259E} = {4D05E57A-716E-43E0-83DF-9623F509464C}
		{DBABE1B7-4B73-47D8-93DF-9871BF792A0D} = {4D05E57A-716E-43E0-83DF-9623F509464C}
		{01C51CA4-3FAD-462E-B4EB-D26A77C59F3E} = {DE2D5B22-4275-416E-8F06-4E8C206FB49A}
		{92FD9E08-7E60-4599-A96E-64B8958DE287} = {F1AC00AC-A479-4735-9B6C-C7EB89EF4CFB}
		{547A89F7-215F-4098-BC63-902E1B355029} = {92FD9E08-7E60-4599-A96E-64B8958DE287}
		{3136D8E7-FA25-4288-B8F0-365E1212DAFB} = {700639AA-72D7-4015-8B2C-6EA4DAA0FD54}
		{A49641C3-147F-4018-A9C8-B828A966A16F} = {48C38C35-4C06-4C99-9D14-CE129D00D6C5}
		{71091BA6-A5D4-43A7-9B83-D140BBE99EE2} = {A49641C3-147F-4018-A9C8-B828A966A16F}
		{5C216E1A-3583-44FF-A256-DA56D4D1B74B} = {A49641C3-147F-4018-A9C8-B828A966A16F}
		{6BFB01F4-9796-491F-A49A-981667459724} = {48C38C35-4C06-4C99-9D14-CE129D00D6C5}
		{AA5C8E65-C10F-48A7-8786-B09B3B4A0CBB} = {6BFB01F4-9796-491F-A49A-981667459724}
		{8C617A01-D37A-4850-B0EA-457E07AD6EFA} = {6BFB01F4-9796-491F-A49A-981667459724}
		{2FE17342-100C-40FC-8B13-7E0A93D2A5A2} = {6BFB01F4-9796-491F-A49A-981667459724}
		{66288A88-40B1-47AE-9042-93BE2F800355} = {6BFB01F4-9796-491F-A49A-981667459724}
		{4DD6544D-CD03-489B-8AA1-D01DBE7F3E0A} = {6BFB01F4-9796-491F-A49A-981667459724}
		{23FEDE9F-26FE-40B6-AD2B-C582588BF32E} = {6BFB01F4-9796-491F-A49A-981667459724}
		{D20C35DD-341E-4D7A-8549-7ED160B00B63} = {6BFB01F4-9796-491F-A49A-981667459724}
		{2C70875F-DB77-4D6B-AB7C-698A7649DFA8} = {6BFB01F4-9796-491F-A49A-981667459724}
		{E71066AE-C3FA-479F-855E-7E686D424E5B} = {6BFB01F4-9796-491F-A49A-981667459724}
		{F225B9DA-D230-48AA-8200-FEB2CCC2C645} = {48C38C35-4C06-4C99-9D14-CE129D00D6C5}
		{75EAF97C-287C-4929-96C0-9F0D36686E58} = {48C38C35-4C06-4C99-9D14-CE129D00D6C5}
		{6C75F83F-45ED-4D5B-B850-A39DF573A1FD} = {75EAF97C-287C-4929-96C0-9F0D36686E58}
	EndGlobalSection
	GlobalSection(ExtensibilityGlobals) = postSolution
		SolutionGuid = {EDF9F64D-8CE1-4567-A599-F6C8CF7B91E0}
	EndGlobalSection
EndGlobal
