
Microsoft Visual Studio Solution File, Format Version 12.00
# Visual Studio Version 16
VisualStudioVersion = 16.0.29215.179
MinimumVisualStudioVersion = 10.0.40219.1
Project("{FAE04EC0-301F-11D3-BF4B-00C04F79EFBC}") = "Task2", "Task2\Task2.csproj", "{3A474E6A-937D-4249-84ED-B5FBD6CB0FE3}"
EndProject
Global
	GlobalSection(SolutionConfigurationPlatforms) = preSolution
		Debug|Any CPU = Debug|Any CPU
		Release|Any CPU = Release|Any CPU
	EndGlobalSection
	GlobalSection(ProjectConfigurationPlatforms) = postSolution
		{3A474E6A-937D-4249-84ED-B5FBD6CB0FE3}.Debug|Any CPU.ActiveCfg = Debug|Any CPU
		{3A474E6A-937D-4249-84ED-B5FBD6CB0FE3}.Debug|Any CPU.Build.0 = Debug|Any CPU
		{3A474E6A-937D-4249-84ED-B5FBD6CB0FE3}.Release|Any CPU.ActiveCfg = Release|Any CPU
		{3A474E6A-937D-4249-84ED-B5FBD6CB0FE3}.Release|Any CPU.Build.0 = Release|Any CPU
	EndGlobalSection
	GlobalSection(SolutionProperties) = preSolution
		HideSolutionNode = FALSE
	EndGlobalSection
	GlobalSection(ExtensibilityGlobals) = postSolution
		SolutionGuid = {610596B8-7DB5-4F29-A36E-0B44A5FEF789}
	EndGlobalSection
EndGlobal
