
Microsoft Visual Studio Solution File, Format Version 12.00
# Visual Studio Version 16
VisualStudioVersion = 16.0.31729.503
MinimumVisualStudioVersion = 10.0.40219.1
Project("{9A19103F-16F7-4668-BE54-9A1E7A4F7556}") = "ConsoleApp1", "ConsoleApp1.csproj", "{63ED0C87-E797-4F0C-95B7-EC388274E8EB}"
EndProject
Project("{9A19103F-16F7-4668-BE54-9A1E7A4F7556}") = "ConsoleApp2", "..\ConsoleApp2\ConsoleApp2.csproj", "{500CF707-5429-411D-A140-DE76DBF4942C}"
EndProject
Project("{9A19103F-16F7-4668-BE54-9A1E7A4F7556}") = "ConsoleApp3", "..\ConsoleApp3\ConsoleApp3.csproj", "{AF06CA0F-45F7-463E-B688-3E636F341005}"
EndProject
Project("{FAE04EC0-301F-11D3-BF4B-00C04F79EFBC}") = "ConsoleApp4", "..\ConsoleApp4\ConsoleApp4.csproj", "{46B0630E-D87A-4138-A5F5-6E1B419F1C9F}"
EndProject
Global
	GlobalSection(SolutionConfigurationPlatforms) = preSolution
		Debug|Any CPU = Debug|Any CPU
		Release|Any CPU = Release|Any CPU
	EndGlobalSection
	GlobalSection(ProjectConfigurationPlatforms) = postSolution
		{63ED0C87-E797-4F0C-95B7-EC388274E8EB}.Debug|Any CPU.ActiveCfg = Debug|Any CPU
		{63ED0C87-E797-4F0C-95B7-EC388274E8EB}.Debug|Any CPU.Build.0 = Debug|Any CPU
		{63ED0C87-E797-4F0C-95B7-EC388274E8EB}.Release|Any CPU.ActiveCfg = Release|Any CPU
		{63ED0C87-E797-4F0C-95B7-EC388274E8EB}.Release|Any CPU.Build.0 = Release|Any CPU
		{500CF707-5429-411D-A140-DE76DBF4942C}.Debug|Any CPU.ActiveCfg = Debug|Any CPU
		{500CF707-5429-411D-A140-DE76DBF4942C}.Debug|Any CPU.Build.0 = Debug|Any CPU
		{500CF707-5429-411D-A140-DE76DBF4942C}.Release|Any CPU.ActiveCfg = Release|Any CPU
		{500CF707-5429-411D-A140-DE76DBF4942C}.Release|Any CPU.Build.0 = Release|Any CPU
		{AF06CA0F-45F7-463E-B688-3E636F341005}.Debug|Any CPU.ActiveCfg = Debug|Any CPU
		{AF06CA0F-45F7-463E-B688-3E636F341005}.Debug|Any CPU.Build.0 = Debug|Any CPU
		{AF06CA0F-45F7-463E-B688-3E636F341005}.Release|Any CPU.ActiveCfg = Release|Any CPU
		{AF06CA0F-45F7-463E-B688-3E636F341005}.Release|Any CPU.Build.0 = Release|Any CPU
		{46B0630E-D87A-4138-A5F5-6E1B419F1C9F}.Debug|Any CPU.ActiveCfg = Debug|Any CPU
		{46B0630E-D87A-4138-A5F5-6E1B419F1C9F}.Debug|Any CPU.Build.0 = Debug|Any CPU
		{46B0630E-D87A-4138-A5F5-6E1B419F1C9F}.Release|Any CPU.ActiveCfg = Release|Any CPU
		{46B0630E-D87A-4138-A5F5-6E1B419F1C9F}.Release|Any CPU.Build.0 = Release|Any CPU
	EndGlobalSection
	GlobalSection(SolutionProperties) = preSolution
		HideSolutionNode = FALSE
	EndGlobalSection
	GlobalSection(ExtensibilityGlobals) = postSolution
		SolutionGuid = {EC32FCF0-25EB-4CB7-8512-D71F1273B562}
	EndGlobalSection
EndGlobal
