
Microsoft Visual Studio Solution File, Format Version 12.00
# Visual Studio Version 16
VisualStudioVersion = 16.0.31729.503
MinimumVisualStudioVersion = 10.0.40219.1
Project("{FAE04EC0-301F-11D3-BF4B-00C04F79EFBC}") = "Task 5", "Task 5\Task 5.csproj", "{0E00A8DE-4E38-424D-B724-81A33D7D91EE}"
EndProject
Global
	GlobalSection(SolutionConfigurationPlatforms) = preSolution
		Debug|Any CPU = Debug|Any CPU
		Release|Any CPU = Release|Any CPU
	EndGlobalSection
	GlobalSection(ProjectConfigurationPlatforms) = postSolution
		{0E00A8DE-4E38-424D-B724-81A33D7D91EE}.Debug|Any CPU.ActiveCfg = Debug|Any CPU
		{0E00A8DE-4E38-424D-B724-81A33D7D91EE}.Debug|Any CPU.Build.0 = Debug|Any CPU
		{0E00A8DE-4E38-424D-B724-81A33D7D91EE}.Release|Any CPU.ActiveCfg = Release|Any CPU
		{0E00A8DE-4E38-424D-B724-81A33D7D91EE}.Release|Any CPU.Build.0 = Release|Any CPU
	EndGlobalSection
	GlobalSection(SolutionProperties) = preSolution
		HideSolutionNode = FALSE
	EndGlobalSection
	GlobalSection(ExtensibilityGlobals) = postSolution
		SolutionGuid = {360BB84D-9887-4B79-809B-2C7B9AF05F2D}
	EndGlobalSection
EndGlobal
