
Microsoft Visual Studio Solution File, Format Version 12.00
# Visual Studio Version 16
VisualStudioVersion = 16.0.31829.152
MinimumVisualStudioVersion = 10.0.40219.1
Project("{9A19103F-16F7-4668-BE54-9A1E7A4F7556}") = "Task1_FactoryMethod", "Task1_FactoryMethod\Task1_FactoryMethod.csproj", "{32C97A1B-E2E8-456B-A5CB-8B991E4F067E}"
EndProject
Project("{9A19103F-16F7-4668-BE54-9A1E7A4F7556}") = "Task2_AbstractFactory", "Task2_AbstractFactory\Task2_AbstractFactory.csproj", "{F93B6471-C17C-48B2-935C-B46E69625482}"
EndProject
Project("{9A19103F-16F7-4668-BE54-9A1E7A4F7556}") = "Task3_Builder", "Task3_Builder\Task3_Builder.csproj", "{33F839F3-9404-402A-B048-7407A021F846}"
EndProject
Project("{FAE04EC0-301F-11D3-BF4B-00C04F79EFBC}") = "Task5_Singleton", "Task5_Singleton\Task5_Singleton.csproj", "{A29B52D8-D461-464E-AD96-B3E1EF1FD002}"
EndProject
Global
	GlobalSection(SolutionConfigurationPlatforms) = preSolution
		Debug|Any CPU = Debug|Any CPU
		Release|Any CPU = Release|Any CPU
	EndGlobalSection
	GlobalSection(ProjectConfigurationPlatforms) = postSolution
		{32C97A1B-E2E8-456B-A5CB-8B991E4F067E}.Debug|Any CPU.ActiveCfg = Debug|Any CPU
		{32C97A1B-E2E8-456B-A5CB-8B991E4F067E}.Debug|Any CPU.Build.0 = Debug|Any CPU
		{32C97A1B-E2E8-456B-A5CB-8B991E4F067E}.Release|Any CPU.ActiveCfg = Release|Any CPU
		{32C97A1B-E2E8-456B-A5CB-8B991E4F067E}.Release|Any CPU.Build.0 = Release|Any CPU
		{F93B6471-C17C-48B2-935C-B46E69625482}.Debug|Any CPU.ActiveCfg = Debug|Any CPU
		{F93B6471-C17C-48B2-935C-B46E69625482}.Debug|Any CPU.Build.0 = Debug|Any CPU
		{F93B6471-C17C-48B2-935C-B46E69625482}.Release|Any CPU.ActiveCfg = Release|Any CPU
		{F93B6471-C17C-48B2-935C-B46E69625482}.Release|Any CPU.Build.0 = Release|Any CPU
		{33F839F3-9404-402A-B048-7407A021F846}.Debug|Any CPU.ActiveCfg = Debug|Any CPU
		{33F839F3-9404-402A-B048-7407A021F846}.Debug|Any CPU.Build.0 = Debug|Any CPU
		{33F839F3-9404-402A-B048-7407A021F846}.Release|Any CPU.ActiveCfg = Release|Any CPU
		{33F839F3-9404-402A-B048-7407A021F846}.Release|Any CPU.Build.0 = Release|Any CPU
		{A29B52D8-D461-464E-AD96-B3E1EF1FD002}.Debug|Any CPU.ActiveCfg = Debug|Any CPU
		{A29B52D8-D461-464E-AD96-B3E1EF1FD002}.Debug|Any CPU.Build.0 = Debug|Any CPU
		{A29B52D8-D461-464E-AD96-B3E1EF1FD002}.Release|Any CPU.ActiveCfg = Release|Any CPU
		{A29B52D8-D461-464E-AD96-B3E1EF1FD002}.Release|Any CPU.Build.0 = Release|Any CPU
	EndGlobalSection
	GlobalSection(SolutionProperties) = preSolution
		HideSolutionNode = FALSE
	EndGlobalSection
	GlobalSection(ExtensibilityGlobals) = postSolution
		SolutionGuid = {0CA70F14-3630-499E-8453-1E45ACDE1E3F}
	EndGlobalSection
EndGlobal
