
Microsoft Visual Studio Solution File, Format Version 12.00
# Visual Studio Version 16
VisualStudioVersion = 16.0.29306.81
MinimumVisualStudioVersion = 10.0.40219.1
Project("{FAE04EC0-301F-11D3-BF4B-00C04F79EFBC}") = "Lecture 1", "Lecture 1\Lecture 1.csproj", "{650D5947-E351-40E9-B999-B48F0F52FF5A}"
EndProject
Global
	GlobalSection(SolutionConfigurationPlatforms) = preSolution
		Debug|Any CPU = Debug|Any CPU
		Release|Any CPU = Release|Any CPU
	EndGlobalSection
	GlobalSection(ProjectConfigurationPlatforms) = postSolution
		{650D5947-E351-40E9-B999-B48F0F52FF5A}.Debug|Any CPU.ActiveCfg = Debug|Any CPU
		{650D5947-E351-40E9-B999-B48F0F52FF5A}.Debug|Any CPU.Build.0 = Debug|Any CPU
		{650D5947-E351-40E9-B999-B48F0F52FF5A}.Release|Any CPU.ActiveCfg = Release|Any CPU
		{650D5947-E351-40E9-B999-B48F0F52FF5A}.Release|Any CPU.Build.0 = Release|Any CPU
	EndGlobalSection
	GlobalSection(SolutionProperties) = preSolution
		HideSolutionNode = FALSE
	EndGlobalSection
	GlobalSection(ExtensibilityGlobals) = postSolution
		SolutionGuid = {AF327E2C-1195-4C49-8107-0BE4B0515177}
	EndGlobalSection
EndGlobal
