
Microsoft Visual Studio Solution File, Format Version 12.00
# Visual Studio Version 16
VisualStudioVersion = 16.0.31729.503
MinimumVisualStudioVersion = 10.0.40219.1
Project("{FAE04EC0-301F-11D3-BF4B-00C04F79EFBC}") = "Strategy", "Strategy\Strategy.csproj", "{8AF22153-32CB-432A-A772-17D618884D3A}"
EndProject
Global
	GlobalSection(SolutionConfigurationPlatforms) = preSolution
		Debug|Any CPU = Debug|Any CPU
		Release|Any CPU = Release|Any CPU
	EndGlobalSection
	GlobalSection(ProjectConfigurationPlatforms) = postSolution
		{8AF22153-32CB-432A-A772-17D618884D3A}.Debug|Any CPU.ActiveCfg = Debug|Any CPU
		{8AF22153-32CB-432A-A772-17D618884D3A}.Debug|Any CPU.Build.0 = Debug|Any CPU
		{8AF22153-32CB-432A-A772-17D618884D3A}.Release|Any CPU.ActiveCfg = Release|Any CPU
		{8AF22153-32CB-432A-A772-17D618884D3A}.Release|Any CPU.Build.0 = Release|Any CPU
	EndGlobalSection
	GlobalSection(SolutionProperties) = preSolution
		HideSolutionNode = FALSE
	EndGlobalSection
	GlobalSection(ExtensibilityGlobals) = postSolution
		SolutionGuid = {D61F9FB7-7F84-4FFA-A34D-B2730D682AA3}
	EndGlobalSection
EndGlobal
