
Microsoft Visual Studio Solution File, Format Version 12.00
# Visual Studio Version 16
VisualStudioVersion = 16.0.31729.503
MinimumVisualStudioVersion = 10.0.40219.1
Project("{FAE04EC0-301F-11D3-BF4B-00C04F79EFBC}") = "Task3 Facade", "Task3 Facade\Task3 Facade.csproj", "{118FB99B-7DCA-4A75-99B9-947ADCBEAC48}"
EndProject
Global
	GlobalSection(SolutionConfigurationPlatforms) = preSolution
		Debug|Any CPU = Debug|Any CPU
		Release|Any CPU = Release|Any CPU
	EndGlobalSection
	GlobalSection(ProjectConfigurationPlatforms) = postSolution
		{118FB99B-7DCA-4A75-99B9-947ADCBEAC48}.Debug|Any CPU.ActiveCfg = Debug|Any CPU
		{118FB99B-7DCA-4A75-99B9-947ADCBEAC48}.Debug|Any CPU.Build.0 = Debug|Any CPU
		{118FB99B-7DCA-4A75-99B9-947ADCBEAC48}.Release|Any CPU.ActiveCfg = Release|Any CPU
		{118FB99B-7DCA-4A75-99B9-947ADCBEAC48}.Release|Any CPU.Build.0 = Release|Any CPU
	EndGlobalSection
	GlobalSection(SolutionProperties) = preSolution
		HideSolutionNode = FALSE
	EndGlobalSection
	GlobalSection(ExtensibilityGlobals) = postSolution
		SolutionGuid = {DDE79A4F-FB93-446D-AADC-DE318EF83C53}
	EndGlobalSection
EndGlobal
