
Microsoft Visual Studio Solution File, Format Version 12.00
# Visual Studio Version 16
VisualStudioVersion = 16.0.31702.278
MinimumVisualStudioVersion = 10.0.40219.1
Project("{FAE04EC0-301F-11D3-BF4B-00C04F79EFBC}") = "Task4", "ConsoleApp1\Task4.csproj", "{0B7B8760-BFA7-4488-9D48-90019E57DD14}"
EndProject
Global
	GlobalSection(SolutionConfigurationPlatforms) = preSolution
		Debug|Any CPU = Debug|Any CPU
		Release|Any CPU = Release|Any CPU
	EndGlobalSection
	GlobalSection(ProjectConfigurationPlatforms) = postSolution
		{0B7B8760-BFA7-4488-9D48-90019E57DD14}.Debug|Any CPU.ActiveCfg = Debug|Any CPU
		{0B7B8760-BFA7-4488-9D48-90019E57DD14}.Debug|Any CPU.Build.0 = Debug|Any CPU
		{0B7B8760-BFA7-4488-9D48-90019E57DD14}.Release|Any CPU.ActiveCfg = Release|Any CPU
		{0B7B8760-BFA7-4488-9D48-90019E57DD14}.Release|Any CPU.Build.0 = Release|Any CPU
	EndGlobalSection
	GlobalSection(SolutionProperties) = preSolution
		HideSolutionNode = FALSE
	EndGlobalSection
	GlobalSection(ExtensibilityGlobals) = postSolution
		SolutionGuid = {6BF85DCB-5E28-4075-A4B3-36508D275314}
	EndGlobalSection
EndGlobal
