
Microsoft Visual Studio Solution File, Format Version 12.00
# Visual Studio Version 16
VisualStudioVersion = 16.0.31702.278
MinimumVisualStudioVersion = 10.0.40219.1
Project("{FAE04EC0-301F-11D3-BF4B-00C04F79EFBC}") = "Builder", "Builder\Builder.csproj", "{A38581D9-EE34-46E9-8A36-9011B312848C}"
EndProject
Global
	GlobalSection(SolutionConfigurationPlatforms) = preSolution
		Debug|Any CPU = Debug|Any CPU
		Release|Any CPU = Release|Any CPU
	EndGlobalSection
	GlobalSection(ProjectConfigurationPlatforms) = postSolution
		{A38581D9-EE34-46E9-8A36-9011B312848C}.Debug|Any CPU.ActiveCfg = Debug|Any CPU
		{A38581D9-EE34-46E9-8A36-9011B312848C}.Debug|Any CPU.Build.0 = Debug|Any CPU
		{A38581D9-EE34-46E9-8A36-9011B312848C}.Release|Any CPU.ActiveCfg = Release|Any CPU
		{A38581D9-EE34-46E9-8A36-9011B312848C}.Release|Any CPU.Build.0 = Release|Any CPU
	EndGlobalSection
	GlobalSection(SolutionProperties) = preSolution
		HideSolutionNode = FALSE
	EndGlobalSection
	GlobalSection(ExtensibilityGlobals) = postSolution
		SolutionGuid = {2E10A07B-469C-4E2B-9818-79F9DF68CCB5}
	EndGlobalSection
EndGlobal
